<?xml version="1.0" encoding="UTF-8"?>
<!DOCTYPE plist PUBLIC "-//Apple//DTD PLIST 1.0//EN" "http://www.apple.com/DTDs/PropertyList-1.0.dtd">
<plist version="1.0">
<dict>
	<key>archiveVersion</key>
	<string>1</string>
	<key>classes</key>
	<dict/>
	<key>objectVersion</key>
	<string>46</string>
	<key>objects</key>
	<dict>
		<key>00F6D0BCA080FA6597E508E8</key>
		<dict>
			<key>explicitFileType</key>
			<string>archive.ar</string>
			<key>includeInIndex</key>
			<string>0</string>
			<key>isa</key>
			<string>PBXFileReference</string>
			<key>path</key>
			<string>libPods-LFLTrunkLib.a</string>
			<key>sourceTree</key>
			<string>BUILT_PRODUCTS_DIR</string>
		</dict>
		<key>0E5ECD7E4180B69DCDB020B3</key>
		<dict>
			<key>children</key>
			<array>
				<string>BC311659326FCCC57656C12D</string>
				<string>FCCC8141ACFC8AE7CDC226F1</string>
			</array>
			<key>isa</key>
			<string>PBXGroup</string>
			<key>name</key>
			<string>Pods</string>
			<key>sourceTree</key>
			<string>&lt;group&gt;</string>
		</dict>
		<key>15294E2555B41FD0A3D68D94</key>
		<dict>
			<key>buildActionMask</key>
			<string>2147483647</string>
			<key>files</key>
			<array/>
			<key>inputPaths</key>
			<array/>
			<key>isa</key>
			<string>PBXShellScriptBuildPhase</string>
			<key>name</key>
			<string>Check Pods Manifest.lock</string>
			<key>outputPaths</key>
			<array/>
			<key>runOnlyForDeploymentPostprocessing</key>
			<string>0</string>
			<key>shellPath</key>
			<string>/bin/sh</string>
			<key>shellScript</key>
			<string>diff "${PODS_ROOT}/../Podfile.lock" "${PODS_ROOT}/Manifest.lock" &gt; /dev/null
if [[ $? != 0 ]] ; then
    cat &lt;&lt; EOM
error: The sandbox is not in sync with the Podfile.lock. Run 'pod install' or update your CocoaPods installation.
EOM
    exit 1
fi
</string>
			<key>showEnvVarsInLog</key>
			<string>0</string>
		</dict>
		<key>355564C152C967514B3A9D00</key>
		<dict>
			<key>buildActionMask</key>
			<string>2147483647</string>
			<key>files</key>
			<array/>
			<key>inputPaths</key>
			<array/>
			<key>isa</key>
			<string>PBXShellScriptBuildPhase</string>
			<key>name</key>
			<string>Copy Pods Resources</string>
			<key>outputPaths</key>
			<array/>
			<key>runOnlyForDeploymentPostprocessing</key>
			<string>0</string>
			<key>shellPath</key>
			<string>/bin/sh</string>
			<key>shellScript</key>
			<string>"${SRCROOT}/../Pods/Target Support Files/Pods-LFLTrunkLib/Pods-LFLTrunkLib-resources.sh"
</string>
			<key>showEnvVarsInLog</key>
			<string>0</string>
		</dict>
		<key>8A19B2DEE1F32DF67D502AAD</key>
		<dict>
			<key>fileRef</key>
			<string>00F6D0BCA080FA6597E508E8</string>
			<key>isa</key>
			<string>PBXBuildFile</string>
		</dict>
		<key>BC311659326FCCC57656C12D</key>
		<dict>
			<key>includeInIndex</key>
			<string>1</string>
			<key>isa</key>
			<string>PBXFileReference</string>
			<key>lastKnownFileType</key>
			<string>text.xcconfig</string>
			<key>name</key>
			<string>Pods-LFLTrunkLib.debug.xcconfig</string>
			<key>path</key>
			<string>../Pods/Target Support Files/Pods-LFLTrunkLib/Pods-LFLTrunkLib.debug.xcconfig</string>
			<key>sourceTree</key>
			<string>&lt;group&gt;</string>
		</dict>
		<key>CD71682786BC86358BBBD885</key>
		<dict>
			<key>children</key>
			<array>
				<string>00F6D0BCA080FA6597E508E8</string>
			</array>
			<key>isa</key>
			<string>PBXGroup</string>
			<key>name</key>
			<string>Frameworks</string>
			<key>sourceTree</key>
			<string>&lt;group&gt;</string>
		</dict>
		<key>E1096CFE1CB6437C00484BDB</key>
		<dict>
			<key>isa</key>
			<string>PBXFileReference</string>
			<key>lastKnownFileType</key>
			<string>image.png</string>
			<key>path</key>
			<string>lfl_user_center_go_icon@2x.png</string>
			<key>sourceTree</key>
			<string>&lt;group&gt;</string>
		</dict>
		<key>E1096CFF1CB6437C00484BDB</key>
		<dict>
			<key>isa</key>
			<string>PBXFileReference</string>
			<key>lastKnownFileType</key>
			<string>image.png</string>
			<key>path</key>
			<string>lfl_user_center_go_icon@3x.png</string>
			<key>sourceTree</key>
			<string>&lt;group&gt;</string>
		</dict>
		<key>E1096D001CB6437C00484BDB</key>
		<dict>
			<key>fileRef</key>
			<string>E1096CFE1CB6437C00484BDB</string>
			<key>isa</key>
			<string>PBXBuildFile</string>
		</dict>
		<key>E1096D011CB6437C00484BDB</key>
		<dict>
			<key>fileRef</key>
			<string>E1096CFF1CB6437C00484BDB</string>
			<key>isa</key>
			<string>PBXBuildFile</string>
		</dict>
		<key>E1096D061CB64F0D00484BDB</key>
		<dict>
			<key>children</key>
			<array>
				<string>E1096D0B1CB64F4500484BDB</string>
				<string>E1096D081CB64F4500484BDB</string>
			</array>
			<key>isa</key>
			<string>PBXGroup</string>
			<key>path</key>
			<string>controller</string>
			<key>sourceTree</key>
			<string>&lt;group&gt;</string>
		</dict>
		<key>E1096D071CB64F0D00484BDB</key>
		<dict>
			<key>children</key>
			<array>
				<string>E1096D101CB64F4A00484BDB</string>
			</array>
			<key>isa</key>
			<string>PBXGroup</string>
			<key>path</key>
			<string>ui</string>
			<key>sourceTree</key>
			<string>&lt;group&gt;</string>
		</dict>
		<key>E1096D081CB64F4500484BDB</key>
		<dict>
			<key>children</key>
			<array>
				<string>E1096D091CB64F4500484BDB</string>
				<string>E1096D0A1CB64F4500484BDB</string>
			</array>
			<key>isa</key>
			<string>PBXGroup</string>
			<key>path</key>
			<string>&#20010;&#20154;&#20013;&#24515;</string>
			<key>sourceTree</key>
			<string>&lt;group&gt;</string>
		</dict>
		<key>E1096D091CB64F4500484BDB</key>
		<dict>
			<key>fileEncoding</key>
			<string>4</string>
			<key>isa</key>
			<string>PBXFileReference</string>
			<key>lastKnownFileType</key>
			<string>sourcecode.c.h</string>
			<key>path</key>
			<string>LFLUserCenterViewController.h</string>
			<key>sourceTree</key>
			<string>&lt;group&gt;</string>
		</dict>
		<key>E1096D0A1CB64F4500484BDB</key>
		<dict>
			<key>fileEncoding</key>
			<string>4</string>
			<key>isa</key>
			<string>PBXFileReference</string>
			<key>lastKnownFileType</key>
			<string>sourcecode.c.objc</string>
			<key>path</key>
			<string>LFLUserCenterViewController.m</string>
			<key>sourceTree</key>
			<string>&lt;group&gt;</string>
		</dict>
		<key>E1096D0B1CB64F4500484BDB</key>
		<dict>
			<key>children</key>
			<array>
				<string>E1096D181CB64F7E00484BDB</string>
				<string>E1096D191CB64F7E00484BDB</string>
				<string>E1096D0C1CB64F4500484BDB</string>
				<string>E1096D0D1CB64F4500484BDB</string>
			</array>
			<key>isa</key>
			<string>PBXGroup</string>
			<key>path</key>
			<string>&#20027;&#30028;&#38754;</string>
			<key>sourceTree</key>
			<string>&lt;group&gt;</string>
		</dict>
		<key>E1096D0C1CB64F4500484BDB</key>
		<dict>
			<key>fileEncoding</key>
			<string>4</string>
			<key>isa</key>
			<string>PBXFileReference</string>
			<key>lastKnownFileType</key>
			<string>sourcecode.c.h</string>
			<key>path</key>
			<string>LFLMainTabBarController.h</string>
			<key>sourceTree</key>
			<string>&lt;group&gt;</string>
		</dict>
		<key>E1096D0D1CB64F4500484BDB</key>
		<dict>
			<key>fileEncoding</key>
			<string>4</string>
			<key>isa</key>
			<string>PBXFileReference</string>
			<key>lastKnownFileType</key>
			<string>sourcecode.c.objc</string>
			<key>path</key>
			<string>LFLMainTabBarController.m</string>
			<key>sourceTree</key>
			<string>&lt;group&gt;</string>
		</dict>
		<key>E1096D0E1CB64F4500484BDB</key>
		<dict>
			<key>fileRef</key>
			<string>E1096D0A1CB64F4500484BDB</string>
			<key>isa</key>
			<string>PBXBuildFile</string>
		</dict>
		<key>E1096D0F1CB64F4500484BDB</key>
		<dict>
			<key>fileRef</key>
			<string>E1096D0D1CB64F4500484BDB</string>
			<key>isa</key>
			<string>PBXBuildFile</string>
		</dict>
		<key>E1096D101CB64F4A00484BDB</key>
		<dict>
			<key>children</key>
			<array>
				<string>E1096D111CB64F4A00484BDB</string>
				<string>E1096D121CB64F4A00484BDB</string>
				<string>E1096D131CB64F4A00484BDB</string>
			</array>
			<key>isa</key>
			<string>PBXGroup</string>
			<key>path</key>
			<string>&#20010;&#20154;&#20013;&#24515;</string>
			<key>sourceTree</key>
			<string>&lt;group&gt;</string>
		</dict>
		<key>E1096D111CB64F4A00484BDB</key>
		<dict>
			<key>fileEncoding</key>
			<string>4</string>
			<key>isa</key>
			<string>PBXFileReference</string>
			<key>lastKnownFileType</key>
			<string>sourcecode.c.h</string>
			<key>path</key>
			<string>LFLUserCenterCustomTableViewCell.h</string>
			<key>sourceTree</key>
			<string>&lt;group&gt;</string>
		</dict>
		<key>E1096D121CB64F4A00484BDB</key>
		<dict>
			<key>fileEncoding</key>
			<string>4</string>
			<key>isa</key>
			<string>PBXFileReference</string>
			<key>lastKnownFileType</key>
			<string>sourcecode.c.objc</string>
			<key>path</key>
			<string>LFLUserCenterCustomTableViewCell.m</string>
			<key>sourceTree</key>
			<string>&lt;group&gt;</string>
		</dict>
		<key>E1096D131CB64F4A00484BDB</key>
		<dict>
			<key>fileEncoding</key>
			<string>4</string>
			<key>isa</key>
			<string>PBXFileReference</string>
			<key>lastKnownFileType</key>
			<string>file.xib</string>
			<key>path</key>
			<string>LFLUserCenterCustomTableViewCell.xib</string>
			<key>sourceTree</key>
			<string>&lt;group&gt;</string>
		</dict>
		<key>E1096D141CB64F4A00484BDB</key>
		<dict>
			<key>fileRef</key>
			<string>E1096D121CB64F4A00484BDB</string>
			<key>isa</key>
			<string>PBXBuildFile</string>
		</dict>
		<key>E1096D181CB64F7E00484BDB</key>
		<dict>
			<key>fileEncoding</key>
			<string>4</string>
			<key>isa</key>
			<string>PBXFileReference</string>
			<key>lastKnownFileType</key>
			<string>sourcecode.c.h</string>
			<key>path</key>
			<string>LFLTestAppController.h</string>
			<key>sourceTree</key>
			<string>&lt;group&gt;</string>
		</dict>
		<key>E1096D191CB64F7E00484BDB</key>
		<dict>
			<key>fileEncoding</key>
			<string>4</string>
			<key>isa</key>
			<string>PBXFileReference</string>
			<key>lastKnownFileType</key>
			<string>sourcecode.c.objc</string>
			<key>path</key>
			<string>LFLTestAppController.m</string>
			<key>sourceTree</key>
			<string>&lt;group&gt;</string>
		</dict>
		<key>E1096D1A1CB64F7E00484BDB</key>
		<dict>
			<key>fileRef</key>
			<string>E1096D191CB64F7E00484BDB</string>
			<key>isa</key>
			<string>PBXBuildFile</string>
		</dict>
		<key>E1096D1B1CB6501B00484BDB</key>
		<dict>
			<key>fileRef</key>
			<string>E1096D131CB64F4A00484BDB</string>
			<key>isa</key>
			<string>PBXBuildFile</string>
		</dict>
		<key>E1332A371CBCD09A00ECA544</key>
		<dict>
			<key>fileRef</key>
			<string>E17AF7971CBA93900077FF38</string>
			<key>isa</key>
			<string>PBXBuildFile</string>
		</dict>
		<key>E1332A381CBCD0B200ECA544</key>
		<dict>
			<key>isa</key>
			<string>PBXFileReference</string>
			<key>lastKnownFileType</key>
			<string>archive.ar</string>
			<key>name</key>
			<string>libAFNetworking.a</string>
			<key>path</key>
			<string>../../../Library/Developer/Xcode/DerivedData/LFLAppWorkSpace-ejyzoodbxbdiilghagyqlrzmvpyr/Build/Products/Debug-iphoneos/libAFNetworking.a</string>
			<key>sourceTree</key>
			<string>&lt;group&gt;</string>
		</dict>
		<key>E1332A391CBCD0B200ECA544</key>
		<dict>
			<key>isa</key>
			<string>PBXFileReference</string>
			<key>lastKnownFileType</key>
			<string>archive.ar</string>
			<key>name</key>
			<string>libMagicalRecord.a</string>
			<key>path</key>
			<string>../../../Library/Developer/Xcode/DerivedData/LFLAppWorkSpace-ejyzoodbxbdiilghagyqlrzmvpyr/Build/Products/Debug-iphoneos/libMagicalRecord.a</string>
			<key>sourceTree</key>
			<string>&lt;group&gt;</string>
		</dict>
		<key>E17AF7911CBA938B0077FF38</key>
		<dict>
			<key>children</key>
			<array>
				<string>E17AF7921CBA93900077FF38</string>
			</array>
			<key>isa</key>
			<string>PBXGroup</string>
			<key>path</key>
			<string>LFLFrameWorks</string>
			<key>sourceTree</key>
			<string>&lt;group&gt;</string>
		</dict>
		<key>E17AF7921CBA93900077FF38</key>
		<dict>
			<key>isa</key>
			<string>PBXFileReference</string>
			<key>lastKnownFileType</key>
			<string>wrapper.pb-project</string>
			<key>name</key>
			<string>LFLFetcherLib.xcodeproj</string>
			<key>path</key>
			<string>../../LFLFetcherLib/LFLFetcherLib.xcodeproj</string>
			<key>sourceTree</key>
			<string>&lt;group&gt;</string>
		</dict>
		<key>E17AF7931CBA93900077FF38</key>
		<dict>
			<key>children</key>
			<array>
				<string>E17AF7971CBA93900077FF38</string>
			</array>
			<key>isa</key>
			<string>PBXGroup</string>
			<key>name</key>
			<string>Products</string>
			<key>sourceTree</key>
			<string>&lt;group&gt;</string>
		</dict>
		<key>E17AF7961CBA93900077FF38</key>
		<dict>
			<key>containerPortal</key>
			<string>E17AF7921CBA93900077FF38</string>
			<key>isa</key>
			<string>PBXContainerItemProxy</string>
			<key>proxyType</key>
			<string>2</string>
			<key>remoteGlobalIDString</key>
			<string>E106290E1CB7618300239297</string>
			<key>remoteInfo</key>
			<string>LFLFetcherLib</string>
		</dict>
		<key>E17AF7971CBA93900077FF38</key>
		<dict>
			<key>fileType</key>
			<string>archive.ar</string>
			<key>isa</key>
			<string>PBXReferenceProxy</string>
			<key>path</key>
			<string>libLFLFetcherLib.a</string>
			<key>remoteRef</key>
			<string>E17AF7961CBA93900077FF38</string>
			<key>sourceTree</key>
			<string>BUILT_PRODUCTS_DIR</string>
		</dict>
		<key>E17AF79B1CBA94670077FF38</key>
		<dict>
			<key>containerPortal</key>
			<string>E17AF7921CBA93900077FF38</string>
			<key>isa</key>
			<string>PBXContainerItemProxy</string>
			<key>proxyType</key>
			<string>1</string>
			<key>remoteGlobalIDString</key>
			<string>E106290D1CB7618300239297</string>
			<key>remoteInfo</key>
			<string>LFLFetcherLib</string>
		</dict>
		<key>E17AF79C1CBA94670077FF38</key>
		<dict>
			<key>isa</key>
			<string>PBXTargetDependency</string>
			<key>name</key>
			<string>LFLFetcherLib</string>
			<key>targetProxy</key>
			<string>E17AF79B1CBA94670077FF38</string>
		</dict>
		<key>E1CD99ED1CB29B2D00580FDC</key>
		<dict>
			<key>children</key>
			<array>
				<string>E1332A381CBCD0B200ECA544</string>
				<string>E1332A391CBCD0B200ECA544</string>
				<string>E1CD99F81CB29B2D00580FDC</string>
				<string>E1CD9A141CB29E6800580FDC</string>
				<string>E1CD9A131CB29E6800580FDC</string>
				<string>E1CD9A2A1CB2A7A500580FDC</string>
				<string>E1CD99F71CB29B2D00580FDC</string>
				<string>E17AF7911CBA938B0077FF38</string>
				<string>0E5ECD7E4180B69DCDB020B3</string>
				<string>CD71682786BC86358BBBD885</string>
			</array>
			<key>isa</key>
			<string>PBXGroup</string>
			<key>sourceTree</key>
			<string>&lt;group&gt;</string>
		</dict>
		<key>E1CD99EE1CB29B2D00580FDC</key>
		<dict>
			<key>attributes</key>
			<dict>
				<key>LastUpgradeCheck</key>
				<string>0730</string>
				<key>ORGANIZATIONNAME</key>
				<string>&#24352;&#21880;&#23792;</string>
				<key>TargetAttributes</key>
				<dict>
					<key>E1CD99F51CB29B2D00580FDC</key>
					<dict>
						<key>CreatedOnToolsVersion</key>
						<string>7.3</string>
					</dict>
					<key>E1CD9A281CB2A7A500580FDC</key>
					<dict>
						<key>CreatedOnToolsVersion</key>
						<string>7.3</string>
					</dict>
				</dict>
			</dict>
			<key>buildConfigurationList</key>
			<string>E1CD99F11CB29B2D00580FDC</string>
			<key>compatibilityVersion</key>
			<string>Xcode 3.2</string>
			<key>developmentRegion</key>
			<string>English</string>
			<key>hasScannedForEncodings</key>
			<string>0</string>
			<key>isa</key>
			<string>PBXProject</string>
			<key>knownRegions</key>
			<array>
				<string>en</string>
			</array>
			<key>mainGroup</key>
			<string>E1CD99ED1CB29B2D00580FDC</string>
			<key>productRefGroup</key>
			<string>E1CD99F71CB29B2D00580FDC</string>
			<key>projectDirPath</key>
			<string></string>
			<key>projectReferences</key>
			<array>
				<dict>
					<key>ProductGroup</key>
					<string>E17AF7931CBA93900077FF38</string>
					<key>ProjectRef</key>
					<string>E17AF7921CBA93900077FF38</string>
				</dict>
			</array>
			<key>projectRoot</key>
			<string></string>
			<key>targets</key>
			<array>
				<string>E1CD99F51CB29B2D00580FDC</string>
				<string>E1CD9A281CB2A7A500580FDC</string>
			</array>
		</dict>
		<key>E1CD99F11CB29B2D00580FDC</key>
		<dict>
			<key>buildConfigurations</key>
			<array>
				<string>E1CD99FD1CB29B2D00580FDC</string>
				<string>E1CD99FE1CB29B2D00580FDC</string>
			</array>
			<key>defaultConfigurationIsVisible</key>
			<string>0</string>
			<key>defaultConfigurationName</key>
			<string>Release</string>
			<key>isa</key>
			<string>XCConfigurationList</string>
		</dict>
		<key>E1CD99F21CB29B2D00580FDC</key>
		<dict>
			<key>buildActionMask</key>
			<string>2147483647</string>
			<key>files</key>
			<array>
				<string>E1096D0E1CB64F4500484BDB</string>
				<string>E1096D1A1CB64F7E00484BDB</string>
				<string>E1CD99FC1CB29B2D00580FDC</string>
				<string>E1096D141CB64F4A00484BDB</string>
				<string>E1CD9A3B1CB2B4EA00580FDC</string>
				<string>E1096D0F1CB64F4500484BDB</string>
			</array>
			<key>isa</key>
			<string>PBXSourcesBuildPhase</string>
			<key>runOnlyForDeploymentPostprocessing</key>
			<string>0</string>
		</dict>
		<key>E1CD99F31CB29B2D00580FDC</key>
		<dict>
			<key>buildActionMask</key>
			<string>2147483647</string>
			<key>files</key>
			<array>
				<string>E1332A371CBCD09A00ECA544</string>
				<string>8A19B2DEE1F32DF67D502AAD</string>
			</array>
			<key>isa</key>
			<string>PBXFrameworksBuildPhase</string>
			<key>runOnlyForDeploymentPostprocessing</key>
			<string>0</string>
		</dict>
		<key>E1CD99F41CB29B2D00580FDC</key>
		<dict>
			<key>buildActionMask</key>
			<string>2147483647</string>
			<key>dstPath</key>
			<string>include/$(PRODUCT_NAME)</string>
			<key>dstSubfolderSpec</key>
			<string>16</string>
			<key>files</key>
			<array>
				<string>E1CD99FA1CB29B2D00580FDC</string>
			</array>
			<key>isa</key>
			<string>PBXCopyFilesBuildPhase</string>
			<key>runOnlyForDeploymentPostprocessing</key>
			<string>0</string>
		</dict>
		<key>E1CD99F51CB29B2D00580FDC</key>
		<dict>
			<key>buildConfigurationList</key>
			<string>E1CD99FF1CB29B2D00580FDC</string>
			<key>buildPhases</key>
			<array>
				<string>15294E2555B41FD0A3D68D94</string>
				<string>E1CD99F21CB29B2D00580FDC</string>
				<string>E1CD99F31CB29B2D00580FDC</string>
				<string>E1CD99F41CB29B2D00580FDC</string>
				<string>355564C152C967514B3A9D00</string>
			</array>
			<key>buildRules</key>
			<array/>
			<key>dependencies</key>
			<array>
				<string>E17AF79C1CBA94670077FF38</string>
				<string>E1CD9A301CB2A80200580FDC</string>
			</array>
			<key>isa</key>
			<string>PBXNativeTarget</string>
			<key>name</key>
			<string>LFLTrunkLib</string>
			<key>productName</key>
			<string>LFLTrunkLib</string>
			<key>productReference</key>
			<string>E1CD99F61CB29B2D00580FDC</string>
			<key>productType</key>
			<string>com.apple.product-type.library.static</string>
		</dict>
		<key>E1CD99F61CB29B2D00580FDC</key>
		<dict>
			<key>explicitFileType</key>
			<string>archive.ar</string>
			<key>includeInIndex</key>
			<string>0</string>
			<key>isa</key>
			<string>PBXFileReference</string>
			<key>path</key>
			<string>libLFLTrunkLib.a</string>
			<key>sourceTree</key>
			<string>BUILT_PRODUCTS_DIR</string>
		</dict>
		<key>E1CD99F71CB29B2D00580FDC</key>
		<dict>
			<key>children</key>
			<array>
				<string>E1CD99F61CB29B2D00580FDC</string>
				<string>E1CD9A291CB2A7A500580FDC</string>
			</array>
			<key>isa</key>
			<string>PBXGroup</string>
			<key>name</key>
			<string>Products</string>
			<key>sourceTree</key>
			<string>&lt;group&gt;</string>
		</dict>
		<key>E1CD99F81CB29B2D00580FDC</key>
		<dict>
			<key>children</key>
			<array>
				<string>E1CD99F91CB29B2D00580FDC</string>
				<string>E1CD99FB1CB29B2D00580FDC</string>
				<string>E1CD9A3C1CB2B50500580FDC</string>
			</array>
			<key>isa</key>
			<string>PBXGroup</string>
			<key>path</key>
			<string>LFLTrunkLib</string>
			<key>sourceTree</key>
			<string>&lt;group&gt;</string>
		</dict>
		<key>E1CD99F91CB29B2D00580FDC</key>
		<dict>
			<key>isa</key>
			<string>PBXFileReference</string>
			<key>lastKnownFileType</key>
			<string>sourcecode.c.h</string>
			<key>path</key>
			<string>LFLTrunkLib.h</string>
			<key>sourceTree</key>
			<string>&lt;group&gt;</string>
		</dict>
		<key>E1CD99FA1CB29B2D00580FDC</key>
		<dict>
			<key>fileRef</key>
			<string>E1CD99F91CB29B2D00580FDC</string>
			<key>isa</key>
			<string>PBXBuildFile</string>
		</dict>
		<key>E1CD99FB1CB29B2D00580FDC</key>
		<dict>
			<key>isa</key>
			<string>PBXFileReference</string>
			<key>lastKnownFileType</key>
			<string>sourcecode.c.objc</string>
			<key>path</key>
			<string>LFLTrunkLib.m</string>
			<key>sourceTree</key>
			<string>&lt;group&gt;</string>
		</dict>
		<key>E1CD99FC1CB29B2D00580FDC</key>
		<dict>
			<key>fileRef</key>
			<string>E1CD99FB1CB29B2D00580FDC</string>
			<key>isa</key>
			<string>PBXBuildFile</string>
		</dict>
		<key>E1CD99FD1CB29B2D00580FDC</key>
		<dict>
			<key>buildSettings</key>
			<dict>
				<key>ALWAYS_SEARCH_USER_PATHS</key>
				<string>NO</string>
				<key>CLANG_ANALYZER_NONNULL</key>
				<string>YES</string>
				<key>CLANG_CXX_LANGUAGE_STANDARD</key>
				<string>gnu++0x</string>
				<key>CLANG_CXX_LIBRARY</key>
				<string>libc++</string>
				<key>CLANG_ENABLE_MODULES</key>
				<string>YES</string>
				<key>CLANG_ENABLE_OBJC_ARC</key>
				<string>YES</string>
				<key>CLANG_WARN_BOOL_CONVERSION</key>
				<string>YES</string>
				<key>CLANG_WARN_CONSTANT_CONVERSION</key>
				<string>YES</string>
				<key>CLANG_WARN_DIRECT_OBJC_ISA_USAGE</key>
				<string>YES_ERROR</string>
				<key>CLANG_WARN_EMPTY_BODY</key>
				<string>YES</string>
				<key>CLANG_WARN_ENUM_CONVERSION</key>
				<string>YES</string>
				<key>CLANG_WARN_INT_CONVERSION</key>
				<string>YES</string>
				<key>CLANG_WARN_OBJC_ROOT_CLASS</key>
				<string>YES_ERROR</string>
				<key>CLANG_WARN_UNREACHABLE_CODE</key>
				<string>YES</string>
				<key>CLANG_WARN__DUPLICATE_METHOD_MATCH</key>
				<string>YES</string>
				<key>CODE_SIGN_IDENTITY[sdk=iphoneos*]</key>
				<string>iPhone Developer</string>
				<key>COPY_PHASE_STRIP</key>
				<string>NO</string>
				<key>DEBUG_INFORMATION_FORMAT</key>
				<string>dwarf</string>
				<key>ENABLE_STRICT_OBJC_MSGSEND</key>
				<string>YES</string>
				<key>ENABLE_TESTABILITY</key>
				<string>YES</string>
				<key>GCC_C_LANGUAGE_STANDARD</key>
				<string>gnu99</string>
				<key>GCC_DYNAMIC_NO_PIC</key>
				<string>NO</string>
				<key>GCC_NO_COMMON_BLOCKS</key>
				<string>YES</string>
				<key>GCC_OPTIMIZATION_LEVEL</key>
				<string>0</string>
				<key>GCC_PREPROCESSOR_DEFINITIONS</key>
				<array>
					<string>DEBUG=1</string>
					<string>$(inherited)</string>
				</array>
				<key>GCC_WARN_64_TO_32_BIT_CONVERSION</key>
				<string>YES</string>
				<key>GCC_WARN_ABOUT_RETURN_TYPE</key>
				<string>YES_ERROR</string>
				<key>GCC_WARN_UNDECLARED_SELECTOR</key>
				<string>YES</string>
				<key>GCC_WARN_UNINITIALIZED_AUTOS</key>
				<string>YES_AGGRESSIVE</string>
				<key>GCC_WARN_UNUSED_FUNCTION</key>
				<string>YES</string>
				<key>GCC_WARN_UNUSED_VARIABLE</key>
				<string>YES</string>
				<key>IPHONEOS_DEPLOYMENT_TARGET</key>
				<string>7.0</string>
				<key>MTL_ENABLE_DEBUG_INFO</key>
				<string>YES</string>
				<key>ONLY_ACTIVE_ARCH</key>
				<string>YES</string>
				<key>SDKROOT</key>
				<string>iphoneos</string>
			</dict>
			<key>isa</key>
			<string>XCBuildConfiguration</string>
			<key>name</key>
			<string>Debug</string>
		</dict>
		<key>E1CD99FE1CB29B2D00580FDC</key>
		<dict>
			<key>buildSettings</key>
			<dict>
				<key>ALWAYS_SEARCH_USER_PATHS</key>
				<string>NO</string>
				<key>CLANG_ANALYZER_NONNULL</key>
				<string>YES</string>
				<key>CLANG_CXX_LANGUAGE_STANDARD</key>
				<string>gnu++0x</string>
				<key>CLANG_CXX_LIBRARY</key>
				<string>libc++</string>
				<key>CLANG_ENABLE_MODULES</key>
				<string>YES</string>
				<key>CLANG_ENABLE_OBJC_ARC</key>
				<string>YES</string>
				<key>CLANG_WARN_BOOL_CONVERSION</key>
				<string>YES</string>
				<key>CLANG_WARN_CONSTANT_CONVERSION</key>
				<string>YES</string>
				<key>CLANG_WARN_DIRECT_OBJC_ISA_USAGE</key>
				<string>YES_ERROR</string>
				<key>CLANG_WARN_EMPTY_BODY</key>
				<string>YES</string>
				<key>CLANG_WARN_ENUM_CONVERSION</key>
				<string>YES</string>
				<key>CLANG_WARN_INT_CONVERSION</key>
				<string>YES</string>
				<key>CLANG_WARN_OBJC_ROOT_CLASS</key>
				<string>YES_ERROR</string>
				<key>CLANG_WARN_UNREACHABLE_CODE</key>
				<string>YES</string>
				<key>CLANG_WARN__DUPLICATE_METHOD_MATCH</key>
				<string>YES</string>
				<key>CODE_SIGN_IDENTITY[sdk=iphoneos*]</key>
				<string>iPhone Developer</string>
				<key>COPY_PHASE_STRIP</key>
				<string>NO</string>
				<key>DEBUG_INFORMATION_FORMAT</key>
				<string>dwarf-with-dsym</string>
				<key>ENABLE_NS_ASSERTIONS</key>
				<string>NO</string>
				<key>ENABLE_STRICT_OBJC_MSGSEND</key>
				<string>YES</string>
				<key>GCC_C_LANGUAGE_STANDARD</key>
				<string>gnu99</string>
				<key>GCC_NO_COMMON_BLOCKS</key>
				<string>YES</string>
				<key>GCC_WARN_64_TO_32_BIT_CONVERSION</key>
				<string>YES</string>
				<key>GCC_WARN_ABOUT_RETURN_TYPE</key>
				<string>YES_ERROR</string>
				<key>GCC_WARN_UNDECLARED_SELECTOR</key>
				<string>YES</string>
				<key>GCC_WARN_UNINITIALIZED_AUTOS</key>
				<string>YES_AGGRESSIVE</string>
				<key>GCC_WARN_UNUSED_FUNCTION</key>
				<string>YES</string>
				<key>GCC_WARN_UNUSED_VARIABLE</key>
				<string>YES</string>
				<key>IPHONEOS_DEPLOYMENT_TARGET</key>
				<string>7.0</string>
				<key>MTL_ENABLE_DEBUG_INFO</key>
				<string>NO</string>
				<key>SDKROOT</key>
				<string>iphoneos</string>
				<key>VALIDATE_PRODUCT</key>
				<string>YES</string>
			</dict>
			<key>isa</key>
			<string>XCBuildConfiguration</string>
			<key>name</key>
			<string>Release</string>
		</dict>
		<key>E1CD99FF1CB29B2D00580FDC</key>
		<dict>
			<key>buildConfigurations</key>
			<array>
				<string>E1CD9A001CB29B2D00580FDC</string>
				<string>E1CD9A011CB29B2D00580FDC</string>
			</array>
			<key>defaultConfigurationIsVisible</key>
			<string>0</string>
			<key>defaultConfigurationName</key>
			<string>Release</string>
			<key>isa</key>
			<string>XCConfigurationList</string>
		</dict>
		<key>E1CD9A001CB29B2D00580FDC</key>
		<dict>
			<key>baseConfigurationReference</key>
			<string>BC311659326FCCC57656C12D</string>
			<key>buildSettings</key>
			<dict>
				<key>GCC_PRECOMPILE_PREFIX_HEADER</key>
				<string>YES</string>
				<key>GCC_PREFIX_HEADER</key>
				<string>LFLTrunkLib/LFLTrunkLibPrefixHeader.pch</string>
				<key>HEADER_SEARCH_PATHS</key>
				<array>
					<string>$(inherited)</string>
					<string>./../LFLFetcherLib/**</string>
					<string>./../LFLToolsLib/**</string>
				</array>
				<key>OTHER_LDFLAGS</key>
				<array>
					<string>-ObjC</string>
					<string>$(inherited)</string>
				</array>
				<key>PRODUCT_NAME</key>
				<string>$(TARGET_NAME)</string>
				<key>SKIP_INSTALL</key>
				<string>YES</string>
				<key>USER_HEADER_SEARCH_PATHS</key>
				<string></string>
			</dict>
			<key>isa</key>
			<string>XCBuildConfiguration</string>
			<key>name</key>
			<string>Debug</string>
		</dict>
		<key>E1CD9A011CB29B2D00580FDC</key>
		<dict>
			<key>baseConfigurationReference</key>
			<string>FCCC8141ACFC8AE7CDC226F1</string>
			<key>buildSettings</key>
			<dict>
				<key>GCC_PRECOMPILE_PREFIX_HEADER</key>
				<string>YES</string>
				<key>GCC_PREFIX_HEADER</key>
				<string>LFLTrunkLib/LFLTrunkLibPrefixHeader.pch</string>
				<key>HEADER_SEARCH_PATHS</key>
				<array>
					<string>$(inherited)</string>
					<string>./../LFLFetcherLib/**</string>
					<string>./../LFLToolsLib/**</string>
				</array>
				<key>OTHER_LDFLAGS</key>
				<array>
					<string>-ObjC</string>
					<string>$(inherited)</string>
				</array>
				<key>PRODUCT_NAME</key>
				<string>$(TARGET_NAME)</string>
				<key>SKIP_INSTALL</key>
				<string>YES</string>
				<key>USER_HEADER_SEARCH_PATHS</key>
				<string></string>
			</dict>
			<key>isa</key>
			<string>XCBuildConfiguration</string>
			<key>name</key>
			<string>Release</string>
		</dict>
		<key>E1CD9A131CB29E6800580FDC</key>
		<dict>
			<key>children</key>
			<array>
				<string>E1096D061CB64F0D00484BDB</string>
				<string>E1096D071CB64F0D00484BDB</string>
			</array>
			<key>isa</key>
			<string>PBXGroup</string>
			<key>path</key>
			<string>LFLSrc</string>
			<key>sourceTree</key>
			<string>&lt;group&gt;</string>
		</dict>
		<key>E1CD9A141CB29E6800580FDC</key>
		<dict>
			<key>children</key>
			<array>
				<string>E1CD9A391CB2B4EA00580FDC</string>
				<string>E1CD9A3A1CB2B4EA00580FDC</string>
			</array>
			<key>isa</key>
			<string>PBXGroup</string>
			<key>path</key>
			<string>LFLTrunkCommon</string>
			<key>sourceTree</key>
			<string>&lt;group&gt;</string>
		</dict>
		<key>E1CD9A251CB2A7A500580FDC</key>
		<dict>
			<key>buildActionMask</key>
			<string>2147483647</string>
			<key>files</key>
			<array/>
			<key>isa</key>
			<string>PBXSourcesBuildPhase</string>
			<key>runOnlyForDeploymentPostprocessing</key>
			<string>0</string>
		</dict>
		<key>E1CD9A261CB2A7A500580FDC</key>
		<dict>
			<key>buildActionMask</key>
			<string>2147483647</string>
			<key>files</key>
			<array/>
			<key>isa</key>
			<string>PBXFrameworksBuildPhase</string>
			<key>runOnlyForDeploymentPostprocessing</key>
			<string>0</string>
		</dict>
		<key>E1CD9A271CB2A7A500580FDC</key>
		<dict>
			<key>buildActionMask</key>
			<string>2147483647</string>
			<key>files</key>
			<array>
				<string>E1096D001CB6437C00484BDB</string>
				<string>E1096D1B1CB6501B00484BDB</string>
				<string>E1CD9A901CB51FD100580FDC</string>
				<string>E1CD9A911CB51FD100580FDC</string>
				<string>E1096D011CB6437C00484BDB</string>
			</array>
			<key>isa</key>
			<string>PBXResourcesBuildPhase</string>
			<key>runOnlyForDeploymentPostprocessing</key>
			<string>0</string>
		</dict>
		<key>E1CD9A281CB2A7A500580FDC</key>
		<dict>
			<key>buildConfigurationList</key>
			<string>E1CD9A2E1CB2A7A500580FDC</string>
			<key>buildPhases</key>
			<array>
				<string>E1CD9A251CB2A7A500580FDC</string>
				<string>E1CD9A261CB2A7A500580FDC</string>
				<string>E1CD9A271CB2A7A500580FDC</string>
			</array>
			<key>buildRules</key>
			<array/>
			<key>dependencies</key>
			<array/>
			<key>isa</key>
			<string>PBXNativeTarget</string>
			<key>name</key>
			<string>LFLTrunkBundle</string>
			<key>productName</key>
			<string>LFLTrunkBundle</string>
			<key>productReference</key>
			<string>E1CD9A291CB2A7A500580FDC</string>
			<key>productType</key>
			<string>com.apple.product-type.bundle</string>
		</dict>
		<key>E1CD9A291CB2A7A500580FDC</key>
		<dict>
			<key>explicitFileType</key>
			<string>wrapper.cfbundle</string>
			<key>includeInIndex</key>
			<string>0</string>
			<key>isa</key>
			<string>PBXFileReference</string>
			<key>path</key>
			<string>LFLTrunkBundle.bundle</string>
			<key>sourceTree</key>
			<string>BUILT_PRODUCTS_DIR</string>
		</dict>
		<key>E1CD9A2A1CB2A7A500580FDC</key>
		<dict>
			<key>children</key>
			<array>
				<string>E1096CFE1CB6437C00484BDB</string>
				<string>E1096CFF1CB6437C00484BDB</string>
				<string>E1CD9A8E1CB51FD100580FDC</string>
				<string>E1CD9A8F1CB51FD100580FDC</string>
			</array>
			<key>isa</key>
			<string>PBXGroup</string>
			<key>path</key>
			<string>LFLTrunkBundle</string>
			<key>sourceTree</key>
			<string>&lt;group&gt;</string>
		</dict>
		<key>E1CD9A2C1CB2A7A500580FDC</key>
		<dict>
			<key>buildSettings</key>
			<dict>
				<key>CODE_SIGN_IDENTITY</key>
				<string>-</string>
				<key>COMBINE_HIDPI_IMAGES</key>
				<string>NO</string>
				<key>INFOPLIST_FILE</key>
				<string></string>
				<key>INSTALL_PATH</key>
				<string>$(LOCAL_LIBRARY_DIR)/Bundles</string>
				<key>MACOSX_DEPLOYMENT_TARGET</key>
				<string>10.11</string>
				<key>PRODUCT_BUNDLE_IDENTIFIER</key>
				<string>com.zxf.leaf.LFLTrunkBundle</string>
				<key>PRODUCT_NAME</key>
				<string>$(TARGET_NAME)</string>
				<key>SDKROOT</key>
				<string>iphoneos</string>
				<key>SKIP_INSTALL</key>
				<string>YES</string>
				<key>WRAPPER_EXTENSION</key>
				<string>bundle</string>
			</dict>
			<key>isa</key>
			<string>XCBuildConfiguration</string>
			<key>name</key>
			<string>Debug</string>
		</dict>
		<key>E1CD9A2D1CB2A7A500580FDC</key>
		<dict>
			<key>buildSettings</key>
			<dict>
				<key>CODE_SIGN_IDENTITY</key>
				<string>-</string>
				<key>COMBINE_HIDPI_IMAGES</key>
				<string>NO</string>
				<key>INFOPLIST_FILE</key>
				<string></string>
				<key>INSTALL_PATH</key>
				<string>$(LOCAL_LIBRARY_DIR)/Bundles</string>
				<key>MACOSX_DEPLOYMENT_TARGET</key>
				<string>10.11</string>
				<key>PRODUCT_BUNDLE_IDENTIFIER</key>
				<string>com.zxf.leaf.LFLTrunkBundle</string>
				<key>PRODUCT_NAME</key>
				<string>$(TARGET_NAME)</string>
				<key>SDKROOT</key>
				<string>iphoneos</string>
				<key>SKIP_INSTALL</key>
				<string>YES</string>
				<key>WRAPPER_EXTENSION</key>
				<string>bundle</string>
			</dict>
			<key>isa</key>
			<string>XCBuildConfiguration</string>
			<key>name</key>
			<string>Release</string>
		</dict>
		<key>E1CD9A2E1CB2A7A500580FDC</key>
		<dict>
			<key>buildConfigurations</key>
			<array>
				<string>E1CD9A2C1CB2A7A500580FDC</string>
				<string>E1CD9A2D1CB2A7A500580FDC</string>
			</array>
			<key>defaultConfigurationIsVisible</key>
			<string>0</string>
			<key>defaultConfigurationName</key>
			<string>Release</string>
			<key>isa</key>
			<string>XCConfigurationList</string>
		</dict>
		<key>E1CD9A2F1CB2A80200580FDC</key>
		<dict>
			<key>containerPortal</key>
			<string>E1CD99EE1CB29B2D00580FDC</string>
			<key>isa</key>
			<string>PBXContainerItemProxy</string>
			<key>proxyType</key>
			<string>1</string>
			<key>remoteGlobalIDString</key>
			<string>E1CD9A281CB2A7A500580FDC</string>
			<key>remoteInfo</key>
			<string>LFLTrunkBundle</string>
		</dict>
		<key>E1CD9A301CB2A80200580FDC</key>
		<dict>
			<key>isa</key>
			<string>PBXTargetDependency</string>
			<key>target</key>
			<string>E1CD9A281CB2A7A500580FDC</string>
			<key>targetProxy</key>
			<string>E1CD9A2F1CB2A80200580FDC</string>
		</dict>
		<key>E1CD9A391CB2B4EA00580FDC</key>
		<dict>
			<key>fileEncoding</key>
			<string>4</string>
			<key>isa</key>
			<string>PBXFileReference</string>
			<key>lastKnownFileType</key>
			<string>sourcecode.c.h</string>
			<key>path</key>
			<string>LFLTrunkBundle.h</string>
			<key>sourceTree</key>
			<string>&lt;group&gt;</string>
		</dict>
		<key>E1CD9A3A1CB2B4EA00580FDC</key>
		<dict>
			<key>fileEncoding</key>
			<string>4</string>
			<key>isa</key>
			<string>PBXFileReference</string>
			<key>lastKnownFileType</key>
			<string>sourcecode.c.objc</string>
			<key>path</key>
			<string>LFLTrunkBundle.m</string>
			<key>sourceTree</key>
			<string>&lt;group&gt;</string>
		</dict>
		<key>E1CD9A3B1CB2B4EA00580FDC</key>
		<dict>
			<key>fileRef</key>
			<string>E1CD9A3A1CB2B4EA00580FDC</string>
			<key>isa</key>
			<string>PBXBuildFile</string>
		</dict>
		<key>E1CD9A3C1CB2B50500580FDC</key>
		<dict>
			<key>fileEncoding</key>
			<string>4</string>
			<key>isa</key>
			<string>PBXFileReference</string>
			<key>lastKnownFileType</key>
			<string>sourcecode.c.h</string>
			<key>path</key>
			<string>LFLTrunkLibPrefixHeader.pch</string>
			<key>sourceTree</key>
			<string>&lt;group&gt;</string>
		</dict>
		<key>E1CD9A8E1CB51FD100580FDC</key>
		<dict>
			<key>isa</key>
			<string>PBXFileReference</string>
			<key>lastKnownFileType</key>
			<string>image.png</string>
			<key>path</key>
			<string>test@2x.png</string>
			<key>sourceTree</key>
			<string>&lt;group&gt;</string>
		</dict>
		<key>E1CD9A8F1CB51FD100580FDC</key>
		<dict>
			<key>isa</key>
			<string>PBXFileReference</string>
			<key>lastKnownFileType</key>
			<string>image.png</string>
			<key>path</key>
			<string>test@3x.png</string>
			<key>sourceTree</key>
			<string>&lt;group&gt;</string>
		</dict>
		<key>E1CD9A901CB51FD100580FDC</key>
		<dict>
			<key>fileRef</key>
			<string>E1CD9A8E1CB51FD100580FDC</string>
			<key>isa</key>
			<string>PBXBuildFile</string>
		</dict>
		<key>E1CD9A911CB51FD100580FDC</key>
		<dict>
			<key>fileRef</key>
			<string>E1CD9A8F1CB51FD100580FDC</string>
			<key>isa</key>
			<string>PBXBuildFile</string>
		</dict>
		<key>FCCC8141ACFC8AE7CDC226F1</key>
		<dict>
			<key>includeInIndex</key>
			<string>1</string>
			<key>isa</key>
			<string>PBXFileReference</string>
			<key>lastKnownFileType</key>
			<string>text.xcconfig</string>
			<key>name</key>
			<string>Pods-LFLTrunkLib.release.xcconfig</string>
			<key>path</key>
			<string>../Pods/Target Support Files/Pods-LFLTrunkLib/Pods-LFLTrunkLib.release.xcconfig</string>
			<key>sourceTree</key>
			<string>&lt;group&gt;</string>
		</dict>
	</dict>
	<key>rootObject</key>
	<string>E1CD99EE1CB29B2D00580FDC</string>
</dict>
</plist>
