// !$*UTF8*$!
{
	archiveVersion = 1;
	classes = {
	};
	objectVersion = 46;
	objects = {

/* Begin PBXBuildFile section */
		E1CD99FA1CB29B2D00580FDC /* LFLTrunkLib.h in CopyFiles */ = {isa = PBXBuildFile; fileRef = E1CD99F91CB29B2D00580FDC /* LFLTrunkLib.h */; };
		E1CD99FC1CB29B2D00580FDC /* LFLTrunkLib.m in Sources */ = {isa = PBXBuildFile; fileRef = E1CD99FB1CB29B2D00580FDC /* LFLTrunkLib.m */; };
		E1CD9A171CB29E9300580FDC /* LFLTestAppController.m in Sources */ = {isa = PBXBuildFile; fileRef = E1CD9A161CB29E9300580FDC /* LFLTestAppController.m */; };
/* End PBXBuildFile section */

/* Begin PBXContainerItemProxy section */
		E1CD9A2F1CB2A80200580FDC /* PBXContainerItemProxy */ = {
			isa = PBXContainerItemProxy;
			containerPortal = E1CD99EE1CB29B2D00580FDC /* Project object */;
			proxyType = 1;
			remoteGlobalIDString = E1CD9A281CB2A7A500580FDC;
			remoteInfo = LFLTrunkBundle;
		};
/* End PBXContainerItemProxy section */

/* Begin PBXCopyFilesBuildPhase section */
		E1CD99F41CB29B2D00580FDC /* CopyFiles */ = {
			isa = PBXCopyFilesBuildPhase;
			buildActionMask = 2147483647;
			dstPath = "include/$(PRODUCT_NAME)";
			dstSubfolderSpec = 16;
			files = (
				E1CD99FA1CB29B2D00580FDC /* LFLTrunkLib.h in CopyFiles */,
			);
			runOnlyForDeploymentPostprocessing = 0;
		};
/* End PBXCopyFilesBuildPhase section */

/* Begin PBXFileReference section */
		E1CD99F61CB29B2D00580FDC /* libLFLTrunkLib.a */ = {isa = PBXFileReference; explicitFileType = archive.ar; includeInIndex = 0; path = libLFLTrunkLib.a; sourceTree = BUILT_PRODUCTS_DIR; };
		E1CD99F91CB29B2D00580FDC /* LFLTrunkLib.h */ = {isa = PBXFileReference; lastKnownFileType = sourcecode.c.h; path = LFLTrunkLib.h; sourceTree = "<group>"; };
		E1CD99FB1CB29B2D00580FDC /* LFLTrunkLib.m */ = {isa = PBXFileReference; lastKnownFileType = sourcecode.c.objc; path = LFLTrunkLib.m; sourceTree = "<group>"; };
		E1CD9A151CB29E9300580FDC /* LFLTestAppController.h */ = {isa = PBXFileReference; fileEncoding = 4; lastKnownFileType = sourcecode.c.h; path = LFLTestAppController.h; sourceTree = "<group>"; };
		E1CD9A161CB29E9300580FDC /* LFLTestAppController.m */ = {isa = PBXFileReference; fileEncoding = 4; lastKnownFileType = sourcecode.c.objc; path = LFLTestAppController.m; sourceTree = "<group>"; };
		E1CD9A291CB2A7A500580FDC /* LFLTrunkBundle.bundle */ = {isa = PBXFileReference; explicitFileType = wrapper.cfbundle; includeInIndex = 0; path = LFLTrunkBundle.bundle; sourceTree = BUILT_PRODUCTS_DIR; };
/* End PBXFileReference section */

/* Begin PBXFrameworksBuildPhase section */
		E1CD99F31CB29B2D00580FDC /* Frameworks */ = {
			isa = PBXFrameworksBuildPhase;
			buildActionMask = 2147483647;
			files = (
			);
			runOnlyForDeploymentPostprocessing = 0;
		};
		E1CD9A261CB2A7A500580FDC /* Frameworks */ = {
			isa = PBXFrameworksBuildPhase;
			buildActionMask = 2147483647;
			files = (
			);
			runOnlyForDeploymentPostprocessing = 0;
		};
/* End PBXFrameworksBuildPhase section */

/* Begin PBXGroup section */
		E1CD99ED1CB29B2D00580FDC = {
			isa = PBXGroup;
			children = (
				E1CD99F81CB29B2D00580FDC /* LFLTrunkLib */,
				E1CD9A141CB29E6800580FDC /* LFLTrunkCommon */,
				E1CD9A131CB29E6800580FDC /* LFLSrc */,
				E1CD9A2A1CB2A7A500580FDC /* LFLTrunkBundle */,
				E1CD99F71CB29B2D00580FDC /* Products */,
			);
			sourceTree = "<group>";
		};
		E1CD99F71CB29B2D00580FDC /* Products */ = {
			isa = PBXGroup;
			children = (
				E1CD99F61CB29B2D00580FDC /* libLFLTrunkLib.a */,
				E1CD9A291CB2A7A500580FDC /* LFLTrunkBundle.bundle */,
			);
			name = Products;
			sourceTree = "<group>";
		};
		E1CD99F81CB29B2D00580FDC /* LFLTrunkLib */ = {
			isa = PBXGroup;
			children = (
				E1CD99F91CB29B2D00580FDC /* LFLTrunkLib.h */,
				E1CD99FB1CB29B2D00580FDC /* LFLTrunkLib.m */,
			);
			path = LFLTrunkLib;
			sourceTree = "<group>";
		};
		E1CD9A131CB29E6800580FDC /* LFLSrc */ = {
			isa = PBXGroup;
			children = (
				E1CD9A151CB29E9300580FDC /* LFLTestAppController.h */,
				E1CD9A161CB29E9300580FDC /* LFLTestAppController.m */,
			);
			path = LFLSrc;
			sourceTree = "<group>";
		};
		E1CD9A141CB29E6800580FDC /* LFLTrunkCommon */ = {
			isa = PBXGroup;
			children = (
			);
			path = LFLTrunkCommon;
			sourceTree = "<group>";
		};
		E1CD9A2A1CB2A7A500580FDC /* LFLTrunkBundle */ = {
			isa = PBXGroup;
			children = (
			);
			path = LFLTrunkBundle;
			sourceTree = "<group>";
		};
/* End PBXGroup section */

/* Begin PBXNativeTarget section */
		E1CD99F51CB29B2D00580FDC /* LFLTrunkLib */ = {
			isa = PBXNativeTarget;
			buildConfigurationList = E1CD99FF1CB29B2D00580FDC /* Build configuration list for PBXNativeTarget "LFLTrunkLib" */;
			buildPhases = (
				E1CD99F21CB29B2D00580FDC /* Sources */,
				E1CD99F31CB29B2D00580FDC /* Frameworks */,
				E1CD99F41CB29B2D00580FDC /* CopyFiles */,
			);
			buildRules = (
			);
			dependencies = (
				E1CD9A301CB2A80200580FDC /* PBXTargetDependency */,
			);
			name = LFLTrunkLib;
			productName = LFLTrunkLib;
			productReference = E1CD99F61CB29B2D00580FDC /* libLFLTrunkLib.a */;
			productType = "com.apple.product-type.library.static";
		};
		E1CD9A281CB2A7A500580FDC /* LFLTrunkBundle */ = {
			isa = PBXNativeTarget;
			buildConfigurationList = E1CD9A2E1CB2A7A500580FDC /* Build configuration list for PBXNativeTarget "LFLTrunkBundle" */;
			buildPhases = (
				E1CD9A251CB2A7A500580FDC /* Sources */,
				E1CD9A261CB2A7A500580FDC /* Frameworks */,
				E1CD9A271CB2A7A500580FDC /* Resources */,
			);
			buildRules = (
			);
			dependencies = (
			);
			name = LFLTrunkBundle;
			productName = LFLTrunkBundle;
			productReference = E1CD9A291CB2A7A500580FDC /* LFLTrunkBundle.bundle */;
			productType = "com.apple.product-type.bundle";
		};
/* End PBXNativeTarget section */

/* Begin PBXProject section */
		E1CD99EE1CB29B2D00580FDC /* Project object */ = {
			isa = PBXProject;
			attributes = {
				LastUpgradeCheck = 0730;
				ORGANIZATIONNAME = "张啸峰";
				TargetAttributes = {
					E1CD99F51CB29B2D00580FDC = {
						CreatedOnToolsVersion = 7.3;
					};
					E1CD9A281CB2A7A500580FDC = {
						CreatedOnToolsVersion = 7.3;
					};
				};
			};
			buildConfigurationList = E1CD99F11CB29B2D00580FDC /* Build configuration list for PBXProject "LFLTrunkLib" */;
			compatibilityVersion = "Xcode 3.2";
			developmentRegion = English;
			hasScannedForEncodings = 0;
			knownRegions = (
				en,
			);
			mainGroup = E1CD99ED1CB29B2D00580FDC;
			productRefGroup = E1CD99F71CB29B2D00580FDC /* Products */;
			projectDirPath = "";
			projectRoot = "";
			targets = (
				E1CD99F51CB29B2D00580FDC /* LFLTrunkLib */,
				E1CD9A281CB2A7A500580FDC /* LFLTrunkBundle */,
			);
		};
/* End PBXProject section */

/* Begin PBXResourcesBuildPhase section */
		E1CD9A271CB2A7A500580FDC /* Resources */ = {
			isa = PBXResourcesBuildPhase;
			buildActionMask = 2147483647;
			files = (
			);
			runOnlyForDeploymentPostprocessing = 0;
		};
/* End PBXResourcesBuildPhase section */

/* Begin PBXSourcesBuildPhase section */
		E1CD99F21CB29B2D00580FDC /* Sources */ = {
			isa = PBXSourcesBuildPhase;
			buildActionMask = 2147483647;
			files = (
				E1CD9A171CB29E9300580FDC /* LFLTestAppController.m in Sources */,
				E1CD99FC1CB29B2D00580FDC /* LFLTrunkLib.m in Sources */,
			);
			runOnlyForDeploymentPostprocessing = 0;
		};
		E1CD9A251CB2A7A500580FDC /* Sources */ = {
			isa = PBXSourcesBuildPhase;
			buildActionMask = 2147483647;
			files = (
			);
			runOnlyForDeploymentPostprocessing = 0;
		};
/* End PBXSourcesBuildPhase section */

/* Begin PBXTargetDependency section */
		E1CD9A301CB2A80200580FDC /* PBXTargetDependency */ = {
			isa = PBXTargetDependency;
			target = E1CD9A281CB2A7A500580FDC /* LFLTrunkBundle */;
			targetProxy = E1CD9A2F1CB2A80200580FDC /* PBXContainerItemProxy */;
		};
/* End PBXTargetDependency section */

/* Begin XCBuildConfiguration section */
		E1CD99FD1CB29B2D00580FDC /* Debug */ = {
			isa = XCBuildConfiguration;
			buildSettings = {
				ALWAYS_SEARCH_USER_PATHS = NO;
				CLANG_ANALYZER_NONNULL = YES;
				CLANG_CXX_LANGUAGE_STANDARD = "gnu++0x";
				CLANG_CXX_LIBRARY = "libc++";
				CLANG_ENABLE_MODULES = YES;
				CLANG_ENABLE_OBJC_ARC = YES;
				CLANG_WARN_BOOL_CONVERSION = YES;
				CLANG_WARN_CONSTANT_CONVERSION = YES;
				CLANG_WARN_DIRECT_OBJC_ISA_USAGE = YES_ERROR;
				CLANG_WARN_EMPTY_BODY = YES;
				CLANG_WARN_ENUM_CONVERSION = YES;
				CLANG_WARN_INT_CONVERSION = YES;
				CLANG_WARN_OBJC_ROOT_CLASS = YES_ERROR;
				CLANG_WARN_UNREACHABLE_CODE = YES;
				CLANG_WARN__DUPLICATE_METHOD_MATCH = YES;
				"CODE_SIGN_IDENTITY[sdk=iphoneos*]" = "iPhone Developer";
				COPY_PHASE_STRIP = NO;
				DEBUG_INFORMATION_FORMAT = dwarf;
				ENABLE_STRICT_OBJC_MSGSEND = YES;
				ENABLE_TESTABILITY = YES;
				GCC_C_LANGUAGE_STANDARD = gnu99;
				GCC_DYNAMIC_NO_PIC = NO;
				GCC_NO_COMMON_BLOCKS = YES;
				GCC_OPTIMIZATION_LEVEL = 0;
				GCC_PREPROCESSOR_DEFINITIONS = (
					"DEBUG=1",
					"$(inherited)",
				);
				GCC_WARN_64_TO_32_BIT_CONVERSION = YES;
				GCC_WARN_ABOUT_RETURN_TYPE = YES_ERROR;
				GCC_WARN_UNDECLARED_SELECTOR = YES;
				GCC_WARN_UNINITIALIZED_AUTOS = YES_AGGRESSIVE;
				GCC_WARN_UNUSED_FUNCTION = YES;
				GCC_WARN_UNUSED_VARIABLE = YES;
				IPHONEOS_DEPLOYMENT_TARGET = 7.0;
				MTL_ENABLE_DEBUG_INFO = YES;
				ONLY_ACTIVE_ARCH = YES;
				SDKROOT = iphoneos;
			};
			name = Debug;
		};
		E1CD99FE1CB29B2D00580FDC /* Release */ = {
			isa = XCBuildConfiguration;
			buildSettings = {
				ALWAYS_SEARCH_USER_PATHS = NO;
				CLANG_ANALYZER_NONNULL = YES;
				CLANG_CXX_LANGUAGE_STANDARD = "gnu++0x";
				CLANG_CXX_LIBRARY = "libc++";
				CLANG_ENABLE_MODULES = YES;
				CLANG_ENABLE_OBJC_ARC = YES;
				CLANG_WARN_BOOL_CONVERSION = YES;
				CLANG_WARN_CONSTANT_CONVERSION = YES;
				CLANG_WARN_DIRECT_OBJC_ISA_USAGE = YES_ERROR;
				CLANG_WARN_EMPTY_BODY = YES;
				CLANG_WARN_ENUM_CONVERSION = YES;
				CLANG_WARN_INT_CONVERSION = YES;
				CLANG_WARN_OBJC_ROOT_CLASS = YES_ERROR;
				CLANG_WARN_UNREACHABLE_CODE = YES;
				CLANG_WARN__DUPLICATE_METHOD_MATCH = YES;
				"CODE_SIGN_IDENTITY[sdk=iphoneos*]" = "iPhone Developer";
				COPY_PHASE_STRIP = NO;
				DEBUG_INFORMATION_FORMAT = "dwarf-with-dsym";
				ENABLE_NS_ASSERTIONS = NO;
				ENABLE_STRICT_OBJC_MSGSEND = YES;
				GCC_C_LANGUAGE_STANDARD = gnu99;
				GCC_NO_COMMON_BLOCKS = YES;
				GCC_WARN_64_TO_32_BIT_CONVERSION = YES;
				GCC_WARN_ABOUT_RETURN_TYPE = YES_ERROR;
				GCC_WARN_UNDECLARED_SELECTOR = YES;
				GCC_WARN_UNINITIALIZED_AUTOS = YES_AGGRESSIVE;
				GCC_WARN_UNUSED_FUNCTION = YES;
				GCC_WARN_UNUSED_VARIABLE = YES;
				IPHONEOS_DEPLOYMENT_TARGET = 7.0;
				MTL_ENABLE_DEBUG_INFO = NO;
				SDKROOT = iphoneos;
				VALIDATE_PRODUCT = YES;
			};
			name = Release;
		};
		E1CD9A001CB29B2D00580FDC /* Debug */ = {
			isa = XCBuildConfiguration;
			buildSettings = {
				OTHER_LDFLAGS = "-ObjC";
				PRODUCT_NAME = "$(TARGET_NAME)";
				SKIP_INSTALL = YES;
			};
			name = Debug;
		};
		E1CD9A011CB29B2D00580FDC /* Release */ = {
			isa = XCBuildConfiguration;
			buildSettings = {
				OTHER_LDFLAGS = "-ObjC";
				PRODUCT_NAME = "$(TARGET_NAME)";
				SKIP_INSTALL = YES;
			};
			name = Release;
		};
		E1CD9A2C1CB2A7A500580FDC /* Debug */ = {
			isa = XCBuildConfiguration;
			buildSettings = {
				CODE_SIGN_IDENTITY = "-";
				COMBINE_HIDPI_IMAGES = NO;
				INFOPLIST_FILE = "";
				INSTALL_PATH = "$(LOCAL_LIBRARY_DIR)/Bundles";
				MACOSX_DEPLOYMENT_TARGET = 10.11;
				PRODUCT_BUNDLE_IDENTIFIER = com.zxf.leaf.LFLTrunkBundle;
				PRODUCT_NAME = "$(TARGET_NAME)";
				SDKROOT = iphoneos;
				SKIP_INSTALL = YES;
				WRAPPER_EXTENSION = bundle;
			};
			name = Debug;
		};
		E1CD9A2D1CB2A7A500580FDC /* Release */ = {
			isa = XCBuildConfiguration;
			buildSettings = {
				CODE_SIGN_IDENTITY = "-";
				COMBINE_HIDPI_IMAGES = NO;
				INFOPLIST_FILE = "";
				INSTALL_PATH = "$(LOCAL_LIBRARY_DIR)/Bundles";
				MACOSX_DEPLOYMENT_TARGET = 10.11;
				PRODUCT_BUNDLE_IDENTIFIER = com.zxf.leaf.LFLTrunkBundle;
				PRODUCT_NAME = "$(TARGET_NAME)";
				SDKROOT = iphoneos;
				SKIP_INSTALL = YES;
				WRAPPER_EXTENSION = bundle;
			};
			name = Release;
		};
/* End XCBuildConfiguration section */

/* Begin XCConfigurationList section */
		E1CD99F11CB29B2D00580FDC /* Build configuration list for PBXProject "LFLTrunkLib" */ = {
			isa = XCConfigurationList;
			buildConfigurations = (
				E1CD99FD1CB29B2D00580FDC /* Debug */,
				E1CD99FE1CB29B2D00580FDC /* Release */,
			);
			defaultConfigurationIsVisible = 0;
			defaultConfigurationName = Release;
		};
		E1CD99FF1CB29B2D00580FDC /* Build configuration list for PBXNativeTarget "LFLTrunkLib" */ = {
			isa = XCConfigurationList;
			buildConfigurations = (
				E1CD9A001CB29B2D00580FDC /* Debug */,
				E1CD9A011CB29B2D00580FDC /* Release */,
			);
			defaultConfigurationIsVisible = 0;
			defaultConfigurationName = Release;
		};
		E1CD9A2E1CB2A7A500580FDC /* Build configuration list for PBXNativeTarget "LFLTrunkBundle" */ = {
			isa = XCConfigurationList;
			buildConfigurations = (
				E1CD9A2C1CB2A7A500580FDC /* Debug */,
				E1CD9A2D1CB2A7A500580FDC /* Release */,
			);
			defaultConfigurationIsVisible = 0;
		};
/* End XCConfigurationList section */
	};
	rootObject = E1CD99EE1CB29B2D00580FDC /* Project object */;
}
