// !$*UTF8*$!
{
	archiveVersion = 1;
	classes = {
	};
	objectVersion = 46;
	objects = {

/* Begin PBXBuildFile section */
		8A09B85F21F762A972B31318 /* libPods-LFLFetcherLib.a in Frameworks */ = {isa = PBXBuildFile; fileRef = FFD894DDA2148D51F3DF63BF /* libPods-LFLFetcherLib.a */; };
		E10629121CB7618300239297 /* LFLFetcherLib.h in Copy Files */ = {isa = PBXBuildFile; fileRef = E10629111CB7618300239297 /* LFLFetcherLib.h */; };
		E10629141CB7618300239297 /* LFLFetcherLib.m in Sources */ = {isa = PBXBuildFile; fileRef = E10629131CB7618300239297 /* LFLFetcherLib.m */; };
		E10706E01CC87CAA00D716D6 /* LFLBaseViewModel.m in Sources */ = {isa = PBXBuildFile; fileRef = E10706DF1CC87CAA00D716D6 /* LFLBaseViewModel.m */; };
		E10706E31CC87CC400D716D6 /* LFLBaseAction.m in Sources */ = {isa = PBXBuildFile; fileRef = E10706E21CC87CC400D716D6 /* LFLBaseAction.m */; };
		E10706E61CC87CD300D716D6 /* LFLBaseRequest.m in Sources */ = {isa = PBXBuildFile; fileRef = E10706E51CC87CD300D716D6 /* LFLBaseRequest.m */; };
		E10707101CC89E9500D716D6 /* LFLBaseModel.m in Sources */ = {isa = PBXBuildFile; fileRef = E107070F1CC89E9500D716D6 /* LFLBaseModel.m */; };
		E10707191CC8A26700D716D6 /* libJSONModel.a in Frameworks */ = {isa = PBXBuildFile; fileRef = E10707181CC8A26700D716D6 /* libJSONModel.a */; };
		E10CADD61CBA1ABE00A089DD /* LFLFetcher.m in Sources */ = {isa = PBXBuildFile; fileRef = E10CADD51CBA1ABE00A089DD /* LFLFetcher.m */; };
		E10CADD91CBA1AD100A089DD /* LFLFetcherManager.m in Sources */ = {isa = PBXBuildFile; fileRef = E10CADD81CBA1AD100A089DD /* LFLFetcherManager.m */; };
		E10CADDC1CBA3A9B00A089DD /* LFLFetcher+NetWork.m in Sources */ = {isa = PBXBuildFile; fileRef = E10CADDB1CBA3A9B00A089DD /* LFLFetcher+NetWork.m */; };
		E1332A311CBCC76B00ECA544 /* LFLFetcher+CoreData.m in Sources */ = {isa = PBXBuildFile; fileRef = E1332A301CBCC76B00ECA544 /* LFLFetcher+CoreData.m */; };
		E1332A471CBCF59D00ECA544 /* NSManagedObject+LFLExtend.m in Sources */ = {isa = PBXBuildFile; fileRef = E1332A461CBCF59D00ECA544 /* NSManagedObject+LFLExtend.m */; };
		E13EF2EF1CC21FD600D9C7D5 /* LFLUserInfo.m in Sources */ = {isa = PBXBuildFile; fileRef = E13EF2EE1CC21FD600D9C7D5 /* LFLUserInfo.m */; };
		E16A6F091CC7E0CF008AC5A7 /* libAFNetworking.a in Frameworks */ = {isa = PBXBuildFile; fileRef = E16A6F071CC7E0CF008AC5A7 /* libAFNetworking.a */; };
		E16A6F0A1CC7E0D0008AC5A7 /* libMagicalRecord.a in Frameworks */ = {isa = PBXBuildFile; fileRef = E16A6F081CC7E0CF008AC5A7 /* libMagicalRecord.a */; };
		E16A6F101CC7E19F008AC5A7 /* libReactiveCocoa.a in Frameworks */ = {isa = PBXBuildFile; fileRef = E16A6F0F1CC7E19F008AC5A7 /* libReactiveCocoa.a */; };
		E17AF7D91CBB495A0077FF38 /* LFLURLMaker.m in Sources */ = {isa = PBXBuildFile; fileRef = E17AF7D81CBB495A0077FF38 /* LFLURLMaker.m */; };
		E17AF7E81CBB4B830077FF38 /* LFLBaseJsonPraser.m in Sources */ = {isa = PBXBuildFile; fileRef = E17AF7E71CBB4B830077FF38 /* LFLBaseJsonPraser.m */; };
		E17AF7EB1CBB4B930077FF38 /* LFLJsonPraserManager.m in Sources */ = {isa = PBXBuildFile; fileRef = E17AF7EA1CBB4B930077FF38 /* LFLJsonPraserManager.m */; };
		E17AF7EF1CBB6BE70077FF38 /* LFLCommonPraser.m in Sources */ = {isa = PBXBuildFile; fileRef = E17AF7EE1CBB6BE70077FF38 /* LFLCommonPraser.m */; };
/* End PBXBuildFile section */

/* Begin PBXCopyFilesBuildPhase section */
		E106290C1CB7618300239297 /* Copy Files */ = {
			isa = PBXCopyFilesBuildPhase;
			buildActionMask = 2147483647;
			dstPath = "include/$(PRODUCT_NAME)";
			dstSubfolderSpec = 16;
			files = (
				E10629121CB7618300239297 /* LFLFetcherLib.h in Copy Files */,
			);
			name = "Copy Files";
			runOnlyForDeploymentPostprocessing = 0;
		};
/* End PBXCopyFilesBuildPhase section */

/* Begin PBXFileReference section */
		2EFA44D8B0A8B3A5D9D14E31 /* Pods-LFLFetcherLib.debug.xcconfig */ = {isa = PBXFileReference; includeInIndex = 1; lastKnownFileType = text.xcconfig; name = "Pods-LFLFetcherLib.debug.xcconfig"; path = "../Pods/Target Support Files/Pods-LFLFetcherLib/Pods-LFLFetcherLib.debug.xcconfig"; sourceTree = "<group>"; };
		A13026FB4164684F7830CC65 /* Pods-LFLFetcherLib.release.xcconfig */ = {isa = PBXFileReference; includeInIndex = 1; lastKnownFileType = text.xcconfig; name = "Pods-LFLFetcherLib.release.xcconfig"; path = "../Pods/Target Support Files/Pods-LFLFetcherLib/Pods-LFLFetcherLib.release.xcconfig"; sourceTree = "<group>"; };
		E106290E1CB7618300239297 /* libLFLFetcherLib.a */ = {isa = PBXFileReference; explicitFileType = archive.ar; includeInIndex = 0; path = libLFLFetcherLib.a; sourceTree = BUILT_PRODUCTS_DIR; };
		E10629111CB7618300239297 /* LFLFetcherLib.h */ = {isa = PBXFileReference; lastKnownFileType = sourcecode.c.h; path = LFLFetcherLib.h; sourceTree = "<group>"; };
		E10629131CB7618300239297 /* LFLFetcherLib.m */ = {isa = PBXFileReference; lastKnownFileType = sourcecode.c.objc; path = LFLFetcherLib.m; sourceTree = "<group>"; };
		E10706DE1CC87CAA00D716D6 /* LFLBaseViewModel.h */ = {isa = PBXFileReference; fileEncoding = 4; lastKnownFileType = sourcecode.c.h; path = LFLBaseViewModel.h; sourceTree = "<group>"; };
		E10706DF1CC87CAA00D716D6 /* LFLBaseViewModel.m */ = {isa = PBXFileReference; fileEncoding = 4; lastKnownFileType = sourcecode.c.objc; path = LFLBaseViewModel.m; sourceTree = "<group>"; };
		E10706E11CC87CC400D716D6 /* LFLBaseAction.h */ = {isa = PBXFileReference; fileEncoding = 4; lastKnownFileType = sourcecode.c.h; path = LFLBaseAction.h; sourceTree = "<group>"; };
		E10706E21CC87CC400D716D6 /* LFLBaseAction.m */ = {isa = PBXFileReference; fileEncoding = 4; lastKnownFileType = sourcecode.c.objc; path = LFLBaseAction.m; sourceTree = "<group>"; };
		E10706E41CC87CD300D716D6 /* LFLBaseRequest.h */ = {isa = PBXFileReference; fileEncoding = 4; lastKnownFileType = sourcecode.c.h; path = LFLBaseRequest.h; sourceTree = "<group>"; };
		E10706E51CC87CD300D716D6 /* LFLBaseRequest.m */ = {isa = PBXFileReference; fileEncoding = 4; lastKnownFileType = sourcecode.c.objc; path = LFLBaseRequest.m; sourceTree = "<group>"; };
		E107070E1CC89E9500D716D6 /* LFLBaseModel.h */ = {isa = PBXFileReference; fileEncoding = 4; lastKnownFileType = sourcecode.c.h; path = LFLBaseModel.h; sourceTree = "<group>"; };
		E107070F1CC89E9500D716D6 /* LFLBaseModel.m */ = {isa = PBXFileReference; fileEncoding = 4; lastKnownFileType = sourcecode.c.objc; path = LFLBaseModel.m; sourceTree = "<group>"; };
		E10707181CC8A26700D716D6 /* libJSONModel.a */ = {isa = PBXFileReference; lastKnownFileType = archive.ar; name = libJSONModel.a; path = "../../../Library/Developer/Xcode/DerivedData/LFLAppWorkSpace-ejyzoodbxbdiilghagyqlrzmvpyr/Build/Products/Debug-iphonesimulator/libJSONModel.a"; sourceTree = "<group>"; };
		E10CADC21CBA119D00A089DD /* LFLFetcherPrefixHeader.pch */ = {isa = PBXFileReference; fileEncoding = 4; lastKnownFileType = sourcecode.c.h; path = LFLFetcherPrefixHeader.pch; sourceTree = "<group>"; };
		E10CADD41CBA1ABE00A089DD /* LFLFetcher.h */ = {isa = PBXFileReference; fileEncoding = 4; lastKnownFileType = sourcecode.c.h; path = LFLFetcher.h; sourceTree = "<group>"; };
		E10CADD51CBA1ABE00A089DD /* LFLFetcher.m */ = {isa = PBXFileReference; fileEncoding = 4; lastKnownFileType = sourcecode.c.objc; path = LFLFetcher.m; sourceTree = "<group>"; };
		E10CADD71CBA1AD100A089DD /* LFLFetcherManager.h */ = {isa = PBXFileReference; fileEncoding = 4; lastKnownFileType = sourcecode.c.h; path = LFLFetcherManager.h; sourceTree = "<group>"; };
		E10CADD81CBA1AD100A089DD /* LFLFetcherManager.m */ = {isa = PBXFileReference; fileEncoding = 4; lastKnownFileType = sourcecode.c.objc; path = LFLFetcherManager.m; sourceTree = "<group>"; };
		E10CADDA1CBA3A9B00A089DD /* LFLFetcher+NetWork.h */ = {isa = PBXFileReference; fileEncoding = 4; lastKnownFileType = sourcecode.c.h; path = "LFLFetcher+NetWork.h"; sourceTree = "<group>"; };
		E10CADDB1CBA3A9B00A089DD /* LFLFetcher+NetWork.m */ = {isa = PBXFileReference; fileEncoding = 4; lastKnownFileType = sourcecode.c.objc; path = "LFLFetcher+NetWork.m"; sourceTree = "<group>"; };
		E1332A2F1CBCC76B00ECA544 /* LFLFetcher+CoreData.h */ = {isa = PBXFileReference; fileEncoding = 4; lastKnownFileType = sourcecode.c.h; path = "LFLFetcher+CoreData.h"; sourceTree = "<group>"; };
		E1332A301CBCC76B00ECA544 /* LFLFetcher+CoreData.m */ = {isa = PBXFileReference; fileEncoding = 4; lastKnownFileType = sourcecode.c.objc; path = "LFLFetcher+CoreData.m"; sourceTree = "<group>"; };
		E1332A451CBCF59D00ECA544 /* NSManagedObject+LFLExtend.h */ = {isa = PBXFileReference; fileEncoding = 4; lastKnownFileType = sourcecode.c.h; path = "NSManagedObject+LFLExtend.h"; sourceTree = "<group>"; };
		E1332A461CBCF59D00ECA544 /* NSManagedObject+LFLExtend.m */ = {isa = PBXFileReference; fileEncoding = 4; lastKnownFileType = sourcecode.c.objc; path = "NSManagedObject+LFLExtend.m"; sourceTree = "<group>"; };
		E13EF2ED1CC21FD600D9C7D5 /* LFLUserInfo.h */ = {isa = PBXFileReference; fileEncoding = 4; lastKnownFileType = sourcecode.c.h; path = LFLUserInfo.h; sourceTree = "<group>"; };
		E13EF2EE1CC21FD600D9C7D5 /* LFLUserInfo.m */ = {isa = PBXFileReference; fileEncoding = 4; lastKnownFileType = sourcecode.c.objc; path = LFLUserInfo.m; sourceTree = "<group>"; };
		E16A6F071CC7E0CF008AC5A7 /* libAFNetworking.a */ = {isa = PBXFileReference; lastKnownFileType = archive.ar; name = libAFNetworking.a; path = "../../../Library/Developer/Xcode/DerivedData/LFLAppWorkSpace-ejyzoodbxbdiilghagyqlrzmvpyr/Build/Products/Debug-iphonesimulator/libAFNetworking.a"; sourceTree = "<group>"; };
		E16A6F081CC7E0CF008AC5A7 /* libMagicalRecord.a */ = {isa = PBXFileReference; lastKnownFileType = archive.ar; name = libMagicalRecord.a; path = "../../../Library/Developer/Xcode/DerivedData/LFLAppWorkSpace-ejyzoodbxbdiilghagyqlrzmvpyr/Build/Products/Debug-iphonesimulator/libMagicalRecord.a"; sourceTree = "<group>"; };
		E16A6F0F1CC7E19F008AC5A7 /* libReactiveCocoa.a */ = {isa = PBXFileReference; lastKnownFileType = archive.ar; name = libReactiveCocoa.a; path = "../../../Library/Developer/Xcode/DerivedData/LFLAppWorkSpace-ejyzoodbxbdiilghagyqlrzmvpyr/Build/Products/Debug-iphonesimulator/libReactiveCocoa.a"; sourceTree = "<group>"; };
		E17AF7D71CBB495A0077FF38 /* LFLURLMaker.h */ = {isa = PBXFileReference; fileEncoding = 4; lastKnownFileType = sourcecode.c.h; path = LFLURLMaker.h; sourceTree = "<group>"; };
		E17AF7D81CBB495A0077FF38 /* LFLURLMaker.m */ = {isa = PBXFileReference; fileEncoding = 4; lastKnownFileType = sourcecode.c.objc; path = LFLURLMaker.m; sourceTree = "<group>"; };
		E17AF7E61CBB4B830077FF38 /* LFLBaseJsonPraser.h */ = {isa = PBXFileReference; fileEncoding = 4; lastKnownFileType = sourcecode.c.h; path = LFLBaseJsonPraser.h; sourceTree = "<group>"; };
		E17AF7E71CBB4B830077FF38 /* LFLBaseJsonPraser.m */ = {isa = PBXFileReference; fileEncoding = 4; lastKnownFileType = sourcecode.c.objc; path = LFLBaseJsonPraser.m; sourceTree = "<group>"; };
		E17AF7E91CBB4B930077FF38 /* LFLJsonPraserManager.h */ = {isa = PBXFileReference; fileEncoding = 4; lastKnownFileType = sourcecode.c.h; path = LFLJsonPraserManager.h; sourceTree = "<group>"; };
		E17AF7EA1CBB4B930077FF38 /* LFLJsonPraserManager.m */ = {isa = PBXFileReference; fileEncoding = 4; lastKnownFileType = sourcecode.c.objc; path = LFLJsonPraserManager.m; sourceTree = "<group>"; };
		E17AF7ED1CBB6BE70077FF38 /* LFLCommonPraser.h */ = {isa = PBXFileReference; fileEncoding = 4; lastKnownFileType = sourcecode.c.h; path = LFLCommonPraser.h; sourceTree = "<group>"; };
		E17AF7EE1CBB6BE70077FF38 /* LFLCommonPraser.m */ = {isa = PBXFileReference; fileEncoding = 4; lastKnownFileType = sourcecode.c.objc; path = LFLCommonPraser.m; sourceTree = "<group>"; };
		FFD894DDA2148D51F3DF63BF /* libPods-LFLFetcherLib.a */ = {isa = PBXFileReference; explicitFileType = archive.ar; includeInIndex = 0; path = "libPods-LFLFetcherLib.a"; sourceTree = BUILT_PRODUCTS_DIR; };
/* End PBXFileReference section */

/* Begin PBXFrameworksBuildPhase section */
		E106290B1CB7618300239297 /* Frameworks */ = {
			isa = PBXFrameworksBuildPhase;
			buildActionMask = 2147483647;
			files = (
				E10707191CC8A26700D716D6 /* libJSONModel.a in Frameworks */,
				E16A6F101CC7E19F008AC5A7 /* libReactiveCocoa.a in Frameworks */,
				E16A6F091CC7E0CF008AC5A7 /* libAFNetworking.a in Frameworks */,
				E16A6F0A1CC7E0D0008AC5A7 /* libMagicalRecord.a in Frameworks */,
				8A09B85F21F762A972B31318 /* libPods-LFLFetcherLib.a in Frameworks */,
			);
			runOnlyForDeploymentPostprocessing = 0;
		};
/* End PBXFrameworksBuildPhase section */

/* Begin PBXGroup section */
		862385B3A24ECE9B588056BB /* Frameworks */ = {
			isa = PBXGroup;
			children = (
				E10707181CC8A26700D716D6 /* libJSONModel.a */,
				E16A6F0F1CC7E19F008AC5A7 /* libReactiveCocoa.a */,
				E16A6F071CC7E0CF008AC5A7 /* libAFNetworking.a */,
				E16A6F081CC7E0CF008AC5A7 /* libMagicalRecord.a */,
				FFD894DDA2148D51F3DF63BF /* libPods-LFLFetcherLib.a */,
			);
			name = Frameworks;
			sourceTree = "<group>";
		};
		CED9B0D1341EF37C578D2CEB /* Pods */ = {
			isa = PBXGroup;
			children = (
				2EFA44D8B0A8B3A5D9D14E31 /* Pods-LFLFetcherLib.debug.xcconfig */,
				A13026FB4164684F7830CC65 /* Pods-LFLFetcherLib.release.xcconfig */,
			);
			name = Pods;
			sourceTree = "<group>";
		};
		E10629051CB7618300239297 = {
			isa = PBXGroup;
			children = (
				E10629101CB7618300239297 /* LFLFetcherLib */,
				E10CADC71CBA141400A089DD /* LFLSrc */,
				E10CADC61CBA141400A089DD /* Framework */,
				E106290F1CB7618300239297 /* Products */,
				CED9B0D1341EF37C578D2CEB /* Pods */,
				862385B3A24ECE9B588056BB /* Frameworks */,
			);
			sourceTree = "<group>";
		};
		E106290F1CB7618300239297 /* Products */ = {
			isa = PBXGroup;
			children = (
				E106290E1CB7618300239297 /* libLFLFetcherLib.a */,
			);
			name = Products;
			sourceTree = "<group>";
		};
		E10629101CB7618300239297 /* LFLFetcherLib */ = {
			isa = PBXGroup;
			children = (
				E10629111CB7618300239297 /* LFLFetcherLib.h */,
				E10629131CB7618300239297 /* LFLFetcherLib.m */,
				E10CADC21CBA119D00A089DD /* LFLFetcherPrefixHeader.pch */,
			);
			path = LFLFetcherLib;
			sourceTree = "<group>";
		};
		E10706DD1CC87C5E00D716D6 /* LFLMVVM */ = {
			isa = PBXGroup;
			children = (
				E10706DE1CC87CAA00D716D6 /* LFLBaseViewModel.h */,
				E10706DF1CC87CAA00D716D6 /* LFLBaseViewModel.m */,
				E10706E11CC87CC400D716D6 /* LFLBaseAction.h */,
				E10706E21CC87CC400D716D6 /* LFLBaseAction.m */,
				E10706E41CC87CD300D716D6 /* LFLBaseRequest.h */,
				E10706E51CC87CD300D716D6 /* LFLBaseRequest.m */,
				E107070E1CC89E9500D716D6 /* LFLBaseModel.h */,
				E107070F1CC89E9500D716D6 /* LFLBaseModel.m */,
			);
			path = LFLMVVM;
			sourceTree = "<group>";
		};
		E10CADC61CBA141400A089DD /* Framework */ = {
			isa = PBXGroup;
			children = (
			);
			path = Framework;
			sourceTree = "<group>";
		};
		E10CADC71CBA141400A089DD /* LFLSrc */ = {
			isa = PBXGroup;
			children = (
				E10706DD1CC87C5E00D716D6 /* LFLMVVM */,
				E1332A2E1CBCC6EE00ECA544 /* LFLCoreData */,
				E10CADD31CBA179100A089DD /* LFLNetWork */,
				E10CADD41CBA1ABE00A089DD /* LFLFetcher.h */,
				E10CADD51CBA1ABE00A089DD /* LFLFetcher.m */,
				E10CADD71CBA1AD100A089DD /* LFLFetcherManager.h */,
				E10CADD81CBA1AD100A089DD /* LFLFetcherManager.m */,
			);
			path = LFLSrc;
			sourceTree = "<group>";
		};
		E10CADD31CBA179100A089DD /* LFLNetWork */ = {
			isa = PBXGroup;
			children = (
				E17AF7DA1CBB497A0077FF38 /* LFLJsonPraser */,
				E17AF7D61CBB495A0077FF38 /* LFLURLFactory */,
				E10CADDA1CBA3A9B00A089DD /* LFLFetcher+NetWork.h */,
				E10CADDB1CBA3A9B00A089DD /* LFLFetcher+NetWork.m */,
			);
			path = LFLNetWork;
			sourceTree = "<group>";
		};
		E1332A2E1CBCC6EE00ECA544 /* LFLCoreData */ = {
			isa = PBXGroup;
			children = (
				E13EF2EC1CC21FA800D9C7D5 /* NSManagedObject */,
				E1332A441CBCF58800ECA544 /* NSManagedObject+Category */,
				E1332A2F1CBCC76B00ECA544 /* LFLFetcher+CoreData.h */,
				E1332A301CBCC76B00ECA544 /* LFLFetcher+CoreData.m */,
			);
			path = LFLCoreData;
			sourceTree = "<group>";
		};
		E1332A441CBCF58800ECA544 /* NSManagedObject+Category */ = {
			isa = PBXGroup;
			children = (
				E1332A451CBCF59D00ECA544 /* NSManagedObject+LFLExtend.h */,
				E1332A461CBCF59D00ECA544 /* NSManagedObject+LFLExtend.m */,
			);
			path = "NSManagedObject+Category";
			sourceTree = "<group>";
		};
		E13EF2EC1CC21FA800D9C7D5 /* NSManagedObject */ = {
			isa = PBXGroup;
			children = (
				E13EF2ED1CC21FD600D9C7D5 /* LFLUserInfo.h */,
				E13EF2EE1CC21FD600D9C7D5 /* LFLUserInfo.m */,
			);
			path = NSManagedObject;
			sourceTree = "<group>";
		};
		E17AF7D61CBB495A0077FF38 /* LFLURLFactory */ = {
			isa = PBXGroup;
			children = (
				E17AF7D71CBB495A0077FF38 /* LFLURLMaker.h */,
				E17AF7D81CBB495A0077FF38 /* LFLURLMaker.m */,
			);
			path = LFLURLFactory;
			sourceTree = "<group>";
		};
		E17AF7DA1CBB497A0077FF38 /* LFLJsonPraser */ = {
			isa = PBXGroup;
			children = (
				E17AF7EC1CBB6BD40077FF38 /* LFLCommonPraser */,
				E17AF7E61CBB4B830077FF38 /* LFLBaseJsonPraser.h */,
				E17AF7E71CBB4B830077FF38 /* LFLBaseJsonPraser.m */,
				E17AF7E91CBB4B930077FF38 /* LFLJsonPraserManager.h */,
				E17AF7EA1CBB4B930077FF38 /* LFLJsonPraserManager.m */,
			);
			path = LFLJsonPraser;
			sourceTree = "<group>";
		};
		E17AF7EC1CBB6BD40077FF38 /* LFLCommonPraser */ = {
			isa = PBXGroup;
			children = (
				E17AF7ED1CBB6BE70077FF38 /* LFLCommonPraser.h */,
				E17AF7EE1CBB6BE70077FF38 /* LFLCommonPraser.m */,
			);
			path = LFLCommonPraser;
			sourceTree = "<group>";
		};
/* End PBXGroup section */

/* Begin PBXNativeTarget section */
		E106290D1CB7618300239297 /* LFLFetcherLib */ = {
			isa = PBXNativeTarget;
			buildConfigurationList = E10629171CB7618300239297 /* Build configuration list for PBXNativeTarget "LFLFetcherLib" */;
			buildPhases = (
				164B7DB306FCA2AE7ADFBD50 /* Check Pods Manifest.lock */,
				E106290A1CB7618300239297 /* Sources */,
				E106290B1CB7618300239297 /* Frameworks */,
				E106290C1CB7618300239297 /* Copy Files */,
				831BD97B89A8253098C3A711 /* Copy Pods Resources */,
			);
			buildRules = (
			);
			dependencies = (
			);
			name = LFLFetcherLib;
			productName = LFLFetcherLib;
			productReference = E106290E1CB7618300239297 /* libLFLFetcherLib.a */;
			productType = "com.apple.product-type.library.static";
		};
/* End PBXNativeTarget section */

/* Begin PBXProject section */
		E10629061CB7618300239297 /* Project object */ = {
			isa = PBXProject;
			attributes = {
				LastUpgradeCheck = 0730;
				ORGANIZATIONNAME = "张啸峰";
				TargetAttributes = {
					E106290D1CB7618300239297 = {
						CreatedOnToolsVersion = 7.3;
					};
				};
			};
			buildConfigurationList = E10629091CB7618300239297 /* Build configuration list for PBXProject "LFLFetcherLib" */;
			compatibilityVersion = "Xcode 3.2";
			developmentRegion = English;
			hasScannedForEncodings = 0;
			knownRegions = (
				en,
			);
			mainGroup = E10629051CB7618300239297;
			productRefGroup = E106290F1CB7618300239297 /* Products */;
			projectDirPath = "";
			projectRoot = "";
			targets = (
				E106290D1CB7618300239297 /* LFLFetcherLib */,
			);
		};
/* End PBXProject section */

/* Begin PBXShellScriptBuildPhase section */
		164B7DB306FCA2AE7ADFBD50 /* Check Pods Manifest.lock */ = {
			isa = PBXShellScriptBuildPhase;
			buildActionMask = 2147483647;
			files = (
			);
			inputPaths = (
			);
			name = "Check Pods Manifest.lock";
			outputPaths = (
			);
			runOnlyForDeploymentPostprocessing = 0;
			shellPath = /bin/sh;
			shellScript = "diff \"${PODS_ROOT}/../Podfile.lock\" \"${PODS_ROOT}/Manifest.lock\" > /dev/null\nif [[ $? != 0 ]] ; then\n    cat << EOM\nerror: The sandbox is not in sync with the Podfile.lock. Run 'pod install' or update your CocoaPods installation.\nEOM\n    exit 1\nfi\n";
			showEnvVarsInLog = 0;
		};
		831BD97B89A8253098C3A711 /* Copy Pods Resources */ = {
			isa = PBXShellScriptBuildPhase;
			buildActionMask = 2147483647;
			files = (
			);
			inputPaths = (
			);
			name = "Copy Pods Resources";
			outputPaths = (
			);
			runOnlyForDeploymentPostprocessing = 0;
			shellPath = /bin/sh;
			shellScript = "\"${SRCROOT}/../Pods/Target Support Files/Pods-LFLFetcherLib/Pods-LFLFetcherLib-resources.sh\"\n";
			showEnvVarsInLog = 0;
		};
/* End PBXShellScriptBuildPhase section */

/* Begin PBXSourcesBuildPhase section */
		E106290A1CB7618300239297 /* Sources */ = {
			isa = PBXSourcesBuildPhase;
			buildActionMask = 2147483647;
			files = (
				E17AF7EF1CBB6BE70077FF38 /* LFLCommonPraser.m in Sources */,
				E13EF2EF1CC21FD600D9C7D5 /* LFLUserInfo.m in Sources */,
				E10CADD61CBA1ABE00A089DD /* LFLFetcher.m in Sources */,
				E10706E61CC87CD300D716D6 /* LFLBaseRequest.m in Sources */,
				E1332A471CBCF59D00ECA544 /* NSManagedObject+LFLExtend.m in Sources */,
				E10629141CB7618300239297 /* LFLFetcherLib.m in Sources */,
				E10707101CC89E9500D716D6 /* LFLBaseModel.m in Sources */,
				E10706E31CC87CC400D716D6 /* LFLBaseAction.m in Sources */,
				E10CADD91CBA1AD100A089DD /* LFLFetcherManager.m in Sources */,
				E10706E01CC87CAA00D716D6 /* LFLBaseViewModel.m in Sources */,
				E17AF7EB1CBB4B930077FF38 /* LFLJsonPraserManager.m in Sources */,
				E17AF7E81CBB4B830077FF38 /* LFLBaseJsonPraser.m in Sources */,
				E17AF7D91CBB495A0077FF38 /* LFLURLMaker.m in Sources */,
				E1332A311CBCC76B00ECA544 /* LFLFetcher+CoreData.m in Sources */,
				E10CADDC1CBA3A9B00A089DD /* LFLFetcher+NetWork.m in Sources */,
			);
			runOnlyForDeploymentPostprocessing = 0;
		};
/* End PBXSourcesBuildPhase section */

/* Begin XCBuildConfiguration section */
		E10629151CB7618300239297 /* Debug */ = {
			isa = XCBuildConfiguration;
			buildSettings = {
				ALWAYS_SEARCH_USER_PATHS = NO;
				CLANG_ANALYZER_NONNULL = YES;
				CLANG_CXX_LANGUAGE_STANDARD = "gnu++0x";
				CLANG_CXX_LIBRARY = "libc++";
				CLANG_ENABLE_MODULES = YES;
				CLANG_ENABLE_OBJC_ARC = YES;
				CLANG_WARN_BOOL_CONVERSION = YES;
				CLANG_WARN_CONSTANT_CONVERSION = YES;
				CLANG_WARN_DIRECT_OBJC_ISA_USAGE = YES_ERROR;
				CLANG_WARN_EMPTY_BODY = YES;
				CLANG_WARN_ENUM_CONVERSION = YES;
				CLANG_WARN_INT_CONVERSION = YES;
				CLANG_WARN_OBJC_ROOT_CLASS = YES_ERROR;
				CLANG_WARN_UNREACHABLE_CODE = YES;
				CLANG_WARN__DUPLICATE_METHOD_MATCH = YES;
				"CODE_SIGN_IDENTITY[sdk=iphoneos*]" = "iPhone Developer";
				COPY_PHASE_STRIP = NO;
				DEBUG_INFORMATION_FORMAT = dwarf;
				ENABLE_STRICT_OBJC_MSGSEND = YES;
				ENABLE_TESTABILITY = YES;
				GCC_C_LANGUAGE_STANDARD = gnu99;
				GCC_DYNAMIC_NO_PIC = NO;
				GCC_NO_COMMON_BLOCKS = YES;
				GCC_OPTIMIZATION_LEVEL = 0;
				GCC_PREPROCESSOR_DEFINITIONS = (
					"DEBUG=1",
					"$(inherited)",
				);
				GCC_WARN_64_TO_32_BIT_CONVERSION = YES;
				GCC_WARN_ABOUT_RETURN_TYPE = YES_ERROR;
				GCC_WARN_UNDECLARED_SELECTOR = YES;
				GCC_WARN_UNINITIALIZED_AUTOS = YES_AGGRESSIVE;
				GCC_WARN_UNUSED_FUNCTION = YES;
				GCC_WARN_UNUSED_VARIABLE = YES;
				IPHONEOS_DEPLOYMENT_TARGET = 7.0;
				MTL_ENABLE_DEBUG_INFO = YES;
				ONLY_ACTIVE_ARCH = YES;
				SDKROOT = iphoneos;
			};
			name = Debug;
		};
		E10629161CB7618300239297 /* Release */ = {
			isa = XCBuildConfiguration;
			buildSettings = {
				ALWAYS_SEARCH_USER_PATHS = NO;
				CLANG_ANALYZER_NONNULL = YES;
				CLANG_CXX_LANGUAGE_STANDARD = "gnu++0x";
				CLANG_CXX_LIBRARY = "libc++";
				CLANG_ENABLE_MODULES = YES;
				CLANG_ENABLE_OBJC_ARC = YES;
				CLANG_WARN_BOOL_CONVERSION = YES;
				CLANG_WARN_CONSTANT_CONVERSION = YES;
				CLANG_WARN_DIRECT_OBJC_ISA_USAGE = YES_ERROR;
				CLANG_WARN_EMPTY_BODY = YES;
				CLANG_WARN_ENUM_CONVERSION = YES;
				CLANG_WARN_INT_CONVERSION = YES;
				CLANG_WARN_OBJC_ROOT_CLASS = YES_ERROR;
				CLANG_WARN_UNREACHABLE_CODE = YES;
				CLANG_WARN__DUPLICATE_METHOD_MATCH = YES;
				"CODE_SIGN_IDENTITY[sdk=iphoneos*]" = "iPhone Developer";
				COPY_PHASE_STRIP = NO;
				DEBUG_INFORMATION_FORMAT = "dwarf-with-dsym";
				ENABLE_NS_ASSERTIONS = NO;
				ENABLE_STRICT_OBJC_MSGSEND = YES;
				GCC_C_LANGUAGE_STANDARD = gnu99;
				GCC_NO_COMMON_BLOCKS = YES;
				GCC_WARN_64_TO_32_BIT_CONVERSION = YES;
				GCC_WARN_ABOUT_RETURN_TYPE = YES_ERROR;
				GCC_WARN_UNDECLARED_SELECTOR = YES;
				GCC_WARN_UNINITIALIZED_AUTOS = YES_AGGRESSIVE;
				GCC_WARN_UNUSED_FUNCTION = YES;
				GCC_WARN_UNUSED_VARIABLE = YES;
				IPHONEOS_DEPLOYMENT_TARGET = 7.0;
				MTL_ENABLE_DEBUG_INFO = NO;
				SDKROOT = iphoneos;
				VALIDATE_PRODUCT = YES;
			};
			name = Release;
		};
		E10629181CB7618300239297 /* Debug */ = {
			isa = XCBuildConfiguration;
			baseConfigurationReference = 2EFA44D8B0A8B3A5D9D14E31 /* Pods-LFLFetcherLib.debug.xcconfig */;
			buildSettings = {
				ENABLE_BITCODE = YES;
				GCC_PRECOMPILE_PREFIX_HEADER = YES;
				GCC_PREFIX_HEADER = LFLFetcherLib/LFLFetcherPrefixHeader.pch;
				HEADER_SEARCH_PATHS = (
					"$(inherited)",
					"./../LFLToolsLib/**",
				);
				OTHER_LDFLAGS = (
					"$(inherited)",
					"-ObjC",
				);
				PRODUCT_NAME = "$(TARGET_NAME)";
				SKIP_INSTALL = YES;
				USER_HEADER_SEARCH_PATHS = "";
				VALID_ARCHS = "arm64 armv7 armv7s";
			};
			name = Debug;
		};
		E10629191CB7618300239297 /* Release */ = {
			isa = XCBuildConfiguration;
			baseConfigurationReference = A13026FB4164684F7830CC65 /* Pods-LFLFetcherLib.release.xcconfig */;
			buildSettings = {
				ENABLE_BITCODE = YES;
				GCC_PRECOMPILE_PREFIX_HEADER = YES;
				GCC_PREFIX_HEADER = LFLFetcherLib/LFLFetcherPrefixHeader.pch;
				HEADER_SEARCH_PATHS = (
					"$(inherited)",
					"./../LFLToolsLib/**",
				);
				OTHER_LDFLAGS = (
					"$(inherited)",
					"-ObjC",
				);
				PRODUCT_NAME = "$(TARGET_NAME)";
				SKIP_INSTALL = YES;
				USER_HEADER_SEARCH_PATHS = "";
				VALID_ARCHS = "arm64 armv7 armv7s";
			};
			name = Release;
		};
/* End XCBuildConfiguration section */

/* Begin XCConfigurationList section */
		E10629091CB7618300239297 /* Build configuration list for PBXProject "LFLFetcherLib" */ = {
			isa = XCConfigurationList;
			buildConfigurations = (
				E10629151CB7618300239297 /* Debug */,
				E10629161CB7618300239297 /* Release */,
			);
			defaultConfigurationIsVisible = 0;
			defaultConfigurationName = Release;
		};
		E10629171CB7618300239297 /* Build configuration list for PBXNativeTarget "LFLFetcherLib" */ = {
			isa = XCConfigurationList;
			buildConfigurations = (
				E10629181CB7618300239297 /* Debug */,
				E10629191CB7618300239297 /* Release */,
			);
			defaultConfigurationIsVisible = 0;
			defaultConfigurationName = Release;
		};
/* End XCConfigurationList section */
	};
	rootObject = E10629061CB7618300239297 /* Project object */;
}
